// !$*UTF8*$!
{
	archiveVersion = 1;
	classes = {
	};
	objectVersion = 55;
	objects = {

/* Begin PBXBuildFile section */
		3761D83529D3372D008A17E2 /* AppDelegate.swift in Sources */ = {isa = PBXBuildFile; fileRef = 3761D83429D3372D008A17E2 /* AppDelegate.swift */; };
		3761D83729D3372D008A17E2 /* SceneDelegate.swift in Sources */ = {isa = PBXBuildFile; fileRef = 3761D83629D3372D008A17E2 /* SceneDelegate.swift */; };
		3761D83929D3372D008A17E2 /* ViewController.swift in Sources */ = {isa = PBXBuildFile; fileRef = 3761D83829D3372D008A17E2 /* ViewController.swift */; };
		3761D83C29D3372D008A17E2 /* Main.storyboard in Resources */ = {isa = PBXBuildFile; fileRef = 3761D83A29D3372D008A17E2 /* Main.storyboard */; };
		3761D83E29D33731008A17E2 /* Assets.xcassets in Resources */ = {isa = PBXBuildFile; fileRef = 3761D83D29D33731008A17E2 /* Assets.xcassets */; };
		3761D84129D33731008A17E2 /* LaunchScreen.storyboard in Resources */ = {isa = PBXBuildFile; fileRef = 3761D83F29D33731008A17E2 /* LaunchScreen.storyboard */; };
		3761D84C29D33731008A17E2 /* AnimationsDemoTests.swift in Sources */ = {isa = PBXBuildFile; fileRef = 3761D84B29D33731008A17E2 /* AnimationsDemoTests.swift */; };
		3761D85629D33731008A17E2 /* AnimationsDemoUITests.swift in Sources */ = {isa = PBXBuildFile; fileRef = 3761D85529D33731008A17E2 /* AnimationsDemoUITests.swift */; };
		3761D85829D33731008A17E2 /* AnimationsDemoUITestsLaunchTests.swift in Sources */ = {isa = PBXBuildFile; fileRef = 3761D85729D33731008A17E2 /* AnimationsDemoUITestsLaunchTests.swift */; };
/* End PBXBuildFile section */

/* Begin PBXContainerItemProxy section */
		3761D84829D33731008A17E2 /* PBXContainerItemProxy */ = {
			isa = PBXContainerItemProxy;
			containerPortal = 3761D82929D3372D008A17E2 /* Project object */;
			proxyType = 1;
			remoteGlobalIDString = 3761D83029D3372D008A17E2;
			remoteInfo = AnimationsDemo;
		};
		3761D85229D33731008A17E2 /* PBXContainerItemProxy */ = {
			isa = PBXContainerItemProxy;
			containerPortal = 3761D82929D3372D008A17E2 /* Project object */;
			proxyType = 1;
			remoteGlobalIDString = 3761D83029D3372D008A17E2;
			remoteInfo = AnimationsDemo;
		};
/* End PBXContainerItemProxy section */

/* Begin PBXFileReference section */
		3761D83129D3372D008A17E2 /* AnimationsDemo.app */ = {isa = PBXFileReference; explicitFileType = wrapper.application; includeInIndex = 0; path = AnimationsDemo.app; sourceTree = BUILT_PRODUCTS_DIR; };
		3761D83429D3372D008A17E2 /* AppDelegate.swift */ = {isa = PBXFileReference; lastKnownFileType = sourcecode.swift; path = AppDelegate.swift; sourceTree = "<group>"; };
		3761D83629D3372D008A17E2 /* SceneDelegate.swift */ = {isa = PBXFileReference; lastKnownFileType = sourcecode.swift; path = SceneDelegate.swift; sourceTree = "<group>"; };
		3761D83829D3372D008A17E2 /* ViewController.swift */ = {isa = PBXFileReference; lastKnownFileType = sourcecode.swift; path = ViewController.swift; sourceTree = "<group>"; };
		3761D83B29D3372D008A17E2 /* Base */ = {isa = PBXFileReference; lastKnownFileType = file.storyboard; name = Base; path = Base.lproj/Main.storyboard; sourceTree = "<group>"; };
		3761D83D29D33731008A17E2 /* Assets.xcassets */ = {isa = PBXFileReference; lastKnownFileType = folder.assetcatalog; path = Assets.xcassets; sourceTree = "<group>"; };
		3761D84029D33731008A17E2 /* Base */ = {isa = PBXFileReference; lastKnownFileType = file.storyboard; name = Base; path = Base.lproj/LaunchScreen.storyboard; sourceTree = "<group>"; };
		3761D84229D33731008A17E2 /* Info.plist */ = {isa = PBXFileReference; lastKnownFileType = text.plist.xml; path = Info.plist; sourceTree = "<group>"; };
		3761D84729D33731008A17E2 /* AnimationsDemoTests.xctest */ = {isa = PBXFileReference; explicitFileType = wrapper.cfbundle; includeInIndex = 0; path = AnimationsDemoTests.xctest; sourceTree = BUILT_PRODUCTS_DIR; };
		3761D84B29D33731008A17E2 /* AnimationsDemoTests.swift */ = {isa = PBXFileReference; lastKnownFileType = sourcecode.swift; path = AnimationsDemoTests.swift; sourceTree = "<group>"; };
		3761D85129D33731008A17E2 /* AnimationsDemoUITests.xctest */ = {isa = PBXFileReference; explicitFileType = wrapper.cfbundle; includeInIndex = 0; path = AnimationsDemoUITests.xctest; sourceTree = BUILT_PRODUCTS_DIR; };
		3761D85529D33731008A17E2 /* AnimationsDemoUITests.swift */ = {isa = PBXFileReference; lastKnownFileType = sourcecode.swift; path = AnimationsDemoUITests.swift; sourceTree = "<group>"; };
		3761D85729D33731008A17E2 /* AnimationsDemoUITestsLaunchTests.swift */ = {isa = PBXFileReference; lastKnownFileType = sourcecode.swift; path = AnimationsDemoUITestsLaunchTests.swift; sourceTree = "<group>"; };
/* End PBXFileReference section */

/* Begin PBXFrameworksBuildPhase section */
		3761D82E29D3372D008A17E2 /* Frameworks */ = {
			isa = PBXFrameworksBuildPhase;
			buildActionMask = 2147483647;
			files = (
			);
			runOnlyForDeploymentPostprocessing = 0;
		};
		3761D84429D33731008A17E2 /* Frameworks */ = {
			isa = PBXFrameworksBuildPhase;
			buildActionMask = 2147483647;
			files = (
			);
			runOnlyForDeploymentPostprocessing = 0;
		};
		3761D84E29D33731008A17E2 /* Frameworks */ = {
			isa = PBXFrameworksBuildPhase;
			buildActionMask = 2147483647;
			files = (
			);
			runOnlyForDeploymentPostprocessing = 0;
		};
/* End PBXFrameworksBuildPhase section */

/* Begin PBXGroup section */
		3761D82829D3372D008A17E2 = {
			isa = PBXGroup;
			children = (
				3761D83329D3372D008A17E2 /* AnimationsDemo */,
				3761D84A29D33731008A17E2 /* AnimationsDemoTests */,
				3761D85429D33731008A17E2 /* AnimationsDemoUITests */,
				3761D83229D3372D008A17E2 /* Products */,
			);
			sourceTree = "<group>";
		};
		3761D83229D3372D008A17E2 /* Products */ = {
			isa = PBXGroup;
			children = (
				3761D83129D3372D008A17E2 /* AnimationsDemo.app */,
				3761D84729D33731008A17E2 /* AnimationsDemoTests.xctest */,
				3761D85129D33731008A17E2 /* AnimationsDemoUITests.xctest */,
			);
			name = Products;
			sourceTree = "<group>";
		};
		3761D83329D3372D008A17E2 /* AnimationsDemo */ = {
			isa = PBXGroup;
			children = (
				3761D83429D3372D008A17E2 /* AppDelegate.swift */,
				3761D83629D3372D008A17E2 /* SceneDelegate.swift */,
				3761D83829D3372D008A17E2 /* ViewController.swift */,
				3761D83A29D3372D008A17E2 /* Main.storyboard */,
				3761D83D29D33731008A17E2 /* Assets.xcassets */,
				3761D83F29D33731008A17E2 /* LaunchScreen.storyboard */,
				3761D84229D33731008A17E2 /* Info.plist */,
			);
			path = AnimationsDemo;
			sourceTree = "<group>";
		};
		3761D84A29D33731008A17E2 /* AnimationsDemoTests */ = {
			isa = PBXGroup;
			children = (
				3761D84B29D33731008A17E2 /* AnimationsDemoTests.swift */,
			);
			path = AnimationsDemoTests;
			sourceTree = "<group>";
		};
		3761D85429D33731008A17E2 /* AnimationsDemoUITests */ = {
			isa = PBXGroup;
			children = (
				3761D85529D33731008A17E2 /* AnimationsDemoUITests.swift */,
				3761D85729D33731008A17E2 /* AnimationsDemoUITestsLaunchTests.swift */,
			);
			path = AnimationsDemoUITests;
			sourceTree = "<group>";
		};
/* End PBXGroup section */

/* Begin PBXNativeTarget section */
		3761D83029D3372D008A17E2 /* AnimationsDemo */ = {
			isa = PBXNativeTarget;
			buildConfigurationList = 3761D85B29D33731008A17E2 /* Build configuration list for PBXNativeTarget "AnimationsDemo" */;
			buildPhases = (
				3761D82D29D3372D008A17E2 /* Sources */,
				3761D82E29D3372D008A17E2 /* Frameworks */,
				3761D82F29D3372D008A17E2 /* Resources */,
			);
			buildRules = (
			);
			dependencies = (
			);
			name = AnimationsDemo;
			productName = AnimationsDemo;
			productReference = 3761D83129D3372D008A17E2 /* AnimationsDemo.app */;
			productType = "com.apple.product-type.application";
		};
		3761D84629D33731008A17E2 /* AnimationsDemoTests */ = {
			isa = PBXNativeTarget;
			buildConfigurationList = 3761D85E29D33731008A17E2 /* Build configuration list for PBXNativeTarget "AnimationsDemoTests" */;
			buildPhases = (
				3761D84329D33731008A17E2 /* Sources */,
				3761D84429D33731008A17E2 /* Frameworks */,
				3761D84529D33731008A17E2 /* Resources */,
			);
			buildRules = (
			);
			dependencies = (
				3761D84929D33731008A17E2 /* PBXTargetDependency */,
			);
			name = AnimationsDemoTests;
			productName = AnimationsDemoTests;
			productReference = 3761D84729D33731008A17E2 /* AnimationsDemoTests.xctest */;
			productType = "com.apple.product-type.bundle.unit-test";
		};
		3761D85029D33731008A17E2 /* AnimationsDemoUITests */ = {
			isa = PBXNativeTarget;
			buildConfigurationList = 3761D86129D33731008A17E2 /* Build configuration list for PBXNativeTarget "AnimationsDemoUITests" */;
			buildPhases = (
				3761D84D29D33731008A17E2 /* Sources */,
				3761D84E29D33731008A17E2 /* Frameworks */,
				3761D84F29D33731008A17E2 /* Resources */,
			);
			buildRules = (
			);
			dependencies = (
				3761D85329D33731008A17E2 /* PBXTargetDependency */,
			);
			name = AnimationsDemoUITests;
			productName = AnimationsDemoUITests;
			productReference = 3761D85129D33731008A17E2 /* AnimationsDemoUITests.xctest */;
			productType = "com.apple.product-type.bundle.ui-testing";
		};
/* End PBXNativeTarget section */

/* Begin PBXProject section */
		3761D82929D3372D008A17E2 /* Project object */ = {
			isa = PBXProject;
			attributes = {
				BuildIndependentTargetsInParallel = 1;
				LastSwiftUpdateCheck = 1340;
				LastUpgradeCheck = 1340;
				TargetAttributes = {
					3761D83029D3372D008A17E2 = {
						CreatedOnToolsVersion = 13.4.1;
					};
					3761D84629D33731008A17E2 = {
						CreatedOnToolsVersion = 13.4.1;
						TestTargetID = 3761D83029D3372D008A17E2;
					};
					3761D85029D33731008A17E2 = {
						CreatedOnToolsVersion = 13.4.1;
						TestTargetID = 3761D83029D3372D008A17E2;
					};
				};
			};
			buildConfigurationList = 3761D82C29D3372D008A17E2 /* Build configuration list for PBXProject "AnimationsDemo" */;
			compatibilityVersion = "Xcode 13.0";
			developmentRegion = en;
			hasScannedForEncodings = 0;
			knownRegions = (
				en,
				Base,
			);
			mainGroup = 3761D82829D3372D008A17E2;
			productRefGroup = 3761D83229D3372D008A17E2 /* Products */;
			projectDirPath = "";
			projectRoot = "";
			targets = (
				3761D83029D3372D008A17E2 /* AnimationsDemo */,
				3761D84629D33731008A17E2 /* AnimationsDemoTests */,
				3761D85029D33731008A17E2 /* AnimationsDemoUITests */,
			);
		};
/* End PBXProject section */

/* Begin PBXResourcesBuildPhase section */
		3761D82F29D3372D008A17E2 /* Resources */ = {
			isa = PBXResourcesBuildPhase;
			buildActionMask = 2147483647;
			files = (
				3761D84129D33731008A17E2 /* LaunchScreen.storyboard in Resources */,
				3761D83E29D33731008A17E2 /* Assets.xcassets in Resources */,
				3761D83C29D3372D008A17E2 /* Main.storyboard in Resources */,
			);
			runOnlyForDeploymentPostprocessing = 0;
		};
		3761D84529D33731008A17E2 /* Resources */ = {
			isa = PBXResourcesBuildPhase;
			buildActionMask = 2147483647;
			files = (
			);
			runOnlyForDeploymentPostprocessing = 0;
		};
		3761D84F29D33731008A17E2 /* Resources */ = {
			isa = PBXResourcesBuildPhase;
			buildActionMask = 2147483647;
			files = (
			);
			runOnlyForDeploymentPostprocessing = 0;
		};
/* End PBXResourcesBuildPhase section */

/* Begin PBXSourcesBuildPhase section */
		3761D82D29D3372D008A17E2 /* Sources */ = {
			isa = PBXSourcesBuildPhase;
			buildActionMask = 2147483647;
			files = (
				3761D83929D3372D008A17E2 /* ViewController.swift in Sources */,
				3761D83529D3372D008A17E2 /* AppDelegate.swift in Sources */,
				3761D83729D3372D008A17E2 /* SceneDelegate.swift in Sources */,
			);
			runOnlyForDeploymentPostprocessing = 0;
		};
		3761D84329D33731008A17E2 /* Sources */ = {
			isa = PBXSourcesBuildPhase;
			buildActionMask = 2147483647;
			files = (
				3761D84C29D33731008A17E2 /* AnimationsDemoTests.swift in Sources */,
			);
			runOnlyForDeploymentPostprocessing = 0;
		};
		3761D84D29D33731008A17E2 /* Sources */ = {
			isa = PBXSourcesBuildPhase;
			buildActionMask = 2147483647;
			files = (
				3761D85829D33731008A17E2 /* AnimationsDemoUITestsLaunchTests.swift in Sources */,
				3761D85629D33731008A17E2 /* AnimationsDemoUITests.swift in Sources */,
			);
			runOnlyForDeploymentPostprocessing = 0;
		};
/* End PBXSourcesBuildPhase section */

/* Begin PBXTargetDependency section */
		3761D84929D33731008A17E2 /* PBXTargetDependency */ = {
			isa = PBXTargetDependency;
			target = 3761D83029D3372D008A17E2 /* AnimationsDemo */;
			targetProxy = 3761D84829D33731008A17E2 /* PBXContainerItemProxy */;
		};
		3761D85329D33731008A17E2 /* PBXTargetDependency */ = {
			isa = PBXTargetDependency;
			target = 3761D83029D3372D008A17E2 /* AnimationsDemo */;
			targetProxy = 3761D85229D33731008A17E2 /* PBXContainerItemProxy */;
		};
/* End PBXTargetDependency section */

/* Begin PBXVariantGroup section */
		3761D83A29D3372D008A17E2 /* Main.storyboard */ = {
			isa = PBXVariantGroup;
			children = (
				3761D83B29D3372D008A17E2 /* Base */,
			);
			name = Main.storyboard;
			sourceTree = "<group>";
		};
		3761D83F29D33731008A17E2 /* LaunchScreen.storyboard */ = {
			isa = PBXVariantGroup;
			children = (
				3761D84029D33731008A17E2 /* Base */,
			);
			name = LaunchScreen.storyboard;
			sourceTree = "<group>";
		};
/* End PBXVariantGroup section */

/* Begin XCBuildConfiguration section */
		3761D85929D33731008A17E2 /* Debug */ = {
			isa = XCBuildConfiguration;
			buildSettings = {
				ALWAYS_SEARCH_USER_PATHS = NO;
				CLANG_ANALYZER_NONNULL = YES;
				CLANG_ANALYZER_NUMBER_OBJECT_CONVERSION = YES_AGGRESSIVE;
				CLANG_CXX_LANGUAGE_STANDARD = "gnu++17";
				CLANG_ENABLE_MODULES = YES;
				CLANG_ENABLE_OBJC_ARC = YES;
				CLANG_ENABLE_OBJC_WEAK = YES;
				CLANG_WARN_BLOCK_CAPTURE_AUTORELEASING = YES;
				CLANG_WARN_BOOL_CONVERSION = YES;
				CLANG_WARN_COMMA = YES;
				CLANG_WARN_CONSTANT_CONVERSION = YES;
				CLANG_WARN_DEPRECATED_OBJC_IMPLEMENTATIONS = YES;
				CLANG_WARN_DIRECT_OBJC_ISA_USAGE = YES_ERROR;
				CLANG_WARN_DOCUMENTATION_COMMENTS = YES;
				CLANG_WARN_EMPTY_BODY = YES;
				CLANG_WARN_ENUM_CONVERSION = YES;
				CLANG_WARN_INFINITE_RECURSION = YES;
				CLANG_WARN_INT_CONVERSION = YES;
				CLANG_WARN_NON_LITERAL_NULL_CONVERSION = YES;
				CLANG_WARN_OBJC_IMPLICIT_RETAIN_SELF = YES;
				CLANG_WARN_OBJC_LITERAL_CONVERSION = YES;
				CLANG_WARN_OBJC_ROOT_CLASS = YES_ERROR;
				CLANG_WARN_QUOTED_INCLUDE_IN_FRAMEWORK_HEADER = YES;
				CLANG_WARN_RANGE_LOOP_ANALYSIS = YES;
				CLANG_WARN_STRICT_PROTOTYPES = YES;
				CLANG_WARN_SUSPICIOUS_MOVE = YES;
				CLANG_WARN_UNGUARDED_AVAILABILITY = YES_AGGRESSIVE;
				CLANG_WARN_UNREACHABLE_CODE = YES;
				CLANG_WARN__DUPLICATE_METHOD_MATCH = YES;
				COPY_PHASE_STRIP = NO;
				DEBUG_INFORMATION_FORMAT = dwarf;
				ENABLE_STRICT_OBJC_MSGSEND = YES;
				ENABLE_TESTABILITY = YES;
				GCC_C_LANGUAGE_STANDARD = gnu11;
				GCC_DYNAMIC_NO_PIC = NO;
				GCC_NO_COMMON_BLOCKS = YES;
				GCC_OPTIMIZATION_LEVEL = 0;
				GCC_PREPROCESSOR_DEFINITIONS = (
					"DEBUG=1",
					"$(inherited)",
				);
				GCC_WARN_64_TO_32_BIT_CONVERSION = YES;
				GCC_WARN_ABOUT_RETURN_TYPE = YES_ERROR;
				GCC_WARN_UNDECLARED_SELECTOR = YES;
				GCC_WARN_UNINITIALIZED_AUTOS = YES_AGGRESSIVE;
				GCC_WARN_UNUSED_FUNCTION = YES;
				GCC_WARN_UNUSED_VARIABLE = YES;
				IPHONEOS_DEPLOYMENT_TARGET = 15.5;
				MTL_ENABLE_DEBUG_INFO = INCLUDE_SOURCE;
				MTL_FAST_MATH = YES;
				ONLY_ACTIVE_ARCH = YES;
				SDKROOT = iphoneos;
				SWIFT_ACTIVE_COMPILATION_CONDITIONS = DEBUG;
				SWIFT_OPTIMIZATION_LEVEL = "-Onone";
			};
			name = Debug;
		};
		3761D85A29D33731008A17E2 /* Release */ = {
			isa = XCBuildConfiguration;
			buildSettings = {
				ALWAYS_SEARCH_USER_PATHS = NO;
				CLANG_ANALYZER_NONNULL = YES;
				CLANG_ANALYZER_NUMBER_OBJECT_CONVERSION = YES_AGGRESSIVE;
				CLANG_CXX_LANGUAGE_STANDARD = "gnu++17";
				CLANG_ENABLE_MODULES = YES;
				CLANG_ENABLE_OBJC_ARC = YES;
				CLANG_ENABLE_OBJC_WEAK = YES;
				CLANG_WARN_BLOCK_CAPTURE_AUTORELEASING = YES;
				CLANG_WARN_BOOL_CONVERSION = YES;
				CLANG_WARN_COMMA = YES;
				CLANG_WARN_CONSTANT_CONVERSION = YES;
				CLANG_WARN_DEPRECATED_OBJC_IMPLEMENTATIONS = YES;
				CLANG_WARN_DIRECT_OBJC_ISA_USAGE = YES_ERROR;
				CLANG_WARN_DOCUMENTATION_COMMENTS = YES;
				CLANG_WARN_EMPTY_BODY = YES;
				CLANG_WARN_ENUM_CONVERSION = YES;
				CLANG_WARN_INFINITE_RECURSION = YES;
				CLANG_WARN_INT_CONVERSION = YES;
				CLANG_WARN_NON_LITERAL_NULL_CONVERSION = YES;
				CLANG_WARN_OBJC_IMPLICIT_RETAIN_SELF = YES;
				CLANG_WARN_OBJC_LITERAL_CONVERSION = YES;
				CLANG_WARN_OBJC_ROOT_CLASS = YES_ERROR;
				CLANG_WARN_QUOTED_INCLUDE_IN_FRAMEWORK_HEADER = YES;
				CLANG_WARN_RANGE_LOOP_ANALYSIS = YES;
				CLANG_WARN_STRICT_PROTOTYPES = YES;
				CLANG_WARN_SUSPICIOUS_MOVE = YES;
				CLANG_WARN_UNGUARDED_AVAILABILITY = YES_AGGRESSIVE;
				CLANG_WARN_UNREACHABLE_CODE = YES;
				CLANG_WARN__DUPLICATE_METHOD_MATCH = YES;
				COPY_PHASE_STRIP = NO;
				DEBUG_INFORMATION_FORMAT = "dwarf-with-dsym";
				ENABLE_NS_ASSERTIONS = NO;
				ENABLE_STRICT_OBJC_MSGSEND = YES;
				GCC_C_LANGUAGE_STANDARD = gnu11;
				GCC_NO_COMMON_BLOCKS = YES;
				GCC_WARN_64_TO_32_BIT_CONVERSION = YES;
				GCC_WARN_ABOUT_RETURN_TYPE = YES_ERROR;
				GCC_WARN_UNDECLARED_SELECTOR = YES;
				GCC_WARN_UNINITIALIZED_AUTOS = YES_AGGRESSIVE;
				GCC_WARN_UNUSED_FUNCTION = YES;
				GCC_WARN_UNUSED_VARIABLE = YES;
				IPHONEOS_DEPLOYMENT_TARGET = 15.5;
				MTL_ENABLE_DEBUG_INFO = NO;
				MTL_FAST_MATH = YES;
				SDKROOT = iphoneos;
				SWIFT_COMPILATION_MODE = wholemodule;
				SWIFT_OPTIMIZATION_LEVEL = "-O";
				VALIDATE_PRODUCT = YES;
			};
			name = Release;
		};
		3761D85C29D33731008A17E2 /* Debug */ = {
			isa = XCBuildConfiguration;
			buildSettings = {
				ASSETCATALOG_COMPILER_APPICON_NAME = AppIcon;
				ASSETCATALOG_COMPILER_GLOBAL_ACCENT_COLOR_NAME = AccentColor;
				CODE_SIGN_STYLE = Automatic;
				CURRENT_PROJECT_VERSION = 1;
				GENERATE_INFOPLIST_FILE = YES;
				INFOPLIST_FILE = AnimationsDemo/Info.plist;
				INFOPLIST_KEY_CFBundleDisplayName = AnimationsDemo;
				INFOPLIST_KEY_UIApplicationSupportsIndirectInputEvents = YES;
				INFOPLIST_KEY_UILaunchStoryboardName = LaunchScreen;
				INFOPLIST_KEY_UIMainStoryboardFile = Main;
				INFOPLIST_KEY_UISupportedInterfaceOrientations_iPad = "UIInterfaceOrientationPortrait UIInterfaceOrientationPortraitUpsideDown UIInterfaceOrientationLandscapeLeft UIInterfaceOrientationLandscapeRight";
				INFOPLIST_KEY_UISupportedInterfaceOrientations_iPhone = "UIInterfaceOrientationPortrait UIInterfaceOrientationLandscapeLeft UIInterfaceOrientationLandscapeRight";
				LD_RUNPATH_SEARCH_PATHS = (
					"$(inherited)",
					"@executable_path/Frameworks",
				);
				MARKETING_VERSION = 1.0;
				PRODUCT_BUNDLE_IDENTIFIER = nwmsu.AnimationsDemo;
				PRODUCT_NAME = "$(TARGET_NAME)";
				SWIFT_EMIT_LOC_STRINGS = YES;
				SWIFT_VERSION = 5.0;
				TARGETED_DEVICE_FAMILY = "1,2";
			};
			name = Debug;
		};
		3761D85D29D33731008A17E2 /* Release */ = {
			isa = XCBuildConfiguration;
			buildSettings = {
				ASSETCATALOG_COMPILER_APPICON_NAME = AppIcon;
				ASSETCATALOG_COMPILER_GLOBAL_ACCENT_COLOR_NAME = AccentColor;
				CODE_SIGN_STYLE = Automatic;
				CURRENT_PROJECT_VERSION = 1;
				GENERATE_INFOPLIST_FILE = YES;
				INFOPLIST_FILE = AnimationsDemo/Info.plist;
				INFOPLIST_KEY_CFBundleDisplayName = AnimationsDemo;
				INFOPLIST_KEY_UIApplicationSupportsIndirectInputEvents = YES;
				INFOPLIST_KEY_UILaunchStoryboardName = LaunchScreen;
				INFOPLIST_KEY_UIMainStoryboardFile = Main;
				INFOPLIST_KEY_UISupportedInterfaceOrientations_iPad = "UIInterfaceOrientationPortrait UIInterfaceOrientationPortraitUpsideDown UIInterfaceOrientationLandscapeLeft UIInterfaceOrientationLandscapeRight";
				INFOPLIST_KEY_UISupportedInterfaceOrientations_iPhone = "UIInterfaceOrientationPortrait UIInterfaceOrientationLandscapeLeft UIInterfaceOrientationLandscapeRight";
				LD_RUNPATH_SEARCH_PATHS = (
					"$(inherited)",
					"@executable_path/Frameworks",
				);
				MARKETING_VERSION = 1.0;
				PRODUCT_BUNDLE_IDENTIFIER = nwmsu.AnimationsDemo;
				PRODUCT_NAME = "$(TARGET_NAME)";
				SWIFT_EMIT_LOC_STRINGS = YES;
				SWIFT_VERSION = 5.0;
				TARGETED_DEVICE_FAMILY = "1,2";
			};
			name = Release;
		};
		3761D85F29D33731008A17E2 /* Debug */ = {
			isa = XCBuildConfiguration;
			buildSettings = {
				ALWAYS_EMBED_SWIFT_STANDARD_LIBRARIES = YES;
				BUNDLE_LOADER = "$(TEST_HOST)";
				CODE_SIGN_STYLE = Automatic;
				CURRENT_PROJECT_VERSION = 1;
				GENERATE_INFOPLIST_FILE = YES;
				IPHONEOS_DEPLOYMENT_TARGET = 15.5;
				MARKETING_VERSION = 1.0;
				PRODUCT_BUNDLE_IDENTIFIER = nwmsu.AnimationsDemoTests;
				PRODUCT_NAME = "$(TARGET_NAME)";
				SWIFT_EMIT_LOC_STRINGS = NO;
				SWIFT_VERSION = 5.0;
				TARGETED_DEVICE_FAMILY = "1,2";
				TEST_HOST = "$(BUILT_PRODUCTS_DIR)/AnimationsDemo.app/AnimationsDemo";
			};
			name = Debug;
		};
		3761D86029D33731008A17E2 /* Release */ = {
			isa = XCBuildConfiguration;
			buildSettings = {
				ALWAYS_EMBED_SWIFT_STANDARD_LIBRARIES = YES;
				BUNDLE_LOADER = "$(TEST_HOST)";
				CODE_SIGN_STYLE = Automatic;
				CURRENT_PROJECT_VERSION = 1;
				GENERATE_INFOPLIST_FILE = YES;
				IPHONEOS_DEPLOYMENT_TARGET = 15.5;
				MARKETING_VERSION = 1.0;
				PRODUCT_BUNDLE_IDENTIFIER = nwmsu.AnimationsDemoTests;
				PRODUCT_NAME = "$(TARGET_NAME)";
				SWIFT_EMIT_LOC_STRINGS = NO;
				SWIFT_VERSION = 5.0;
				TARGETED_DEVICE_FAMILY = "1,2";
				TEST_HOST = "$(BUILT_PRODUCTS_DIR)/AnimationsDemo.app/AnimationsDemo";
			};
			name = Release;
		};
		3761D86229D33731008A17E2 /* Debug */ = {
			isa = XCBuildConfiguration;
			buildSettings = {
				ALWAYS_EMBED_SWIFT_STANDARD_LIBRARIES = YES;
				CODE_SIGN_STYLE = Automatic;
				CURRENT_PROJECT_VERSION = 1;
				GENERATE_INFOPLIST_FILE = YES;
				MARKETING_VERSION = 1.0;
				PRODUCT_BUNDLE_IDENTIFIER = nwmsu.AnimationsDemoUITests;
				PRODUCT_NAME = "$(TARGET_NAME)";
				SWIFT_EMIT_LOC_STRINGS = NO;
				SWIFT_VERSION = 5.0;
				TARGETED_DEVICE_FAMILY = "1,2";
				TEST_TARGET_NAME = AnimationsDemo;
			};
			name = Debug;
		};
		3761D86329D33731008A17E2 /* Release */ = {
			isa = XCBuildConfiguration;
			buildSettings = {
				ALWAYS_EMBED_SWIFT_STANDARD_LIBRARIES = YES;
				CODE_SIGN_STYLE = Automatic;
				CURRENT_PROJECT_VERSION = 1;
				GENERATE_INFOPLIST_FILE = YES;
				MARKETING_VERSION = 1.0;
				PRODUCT_BUNDLE_IDENTIFIER = nwmsu.AnimationsDemoUITests;
				PRODUCT_NAME = "$(TARGET_NAME)";
				SWIFT_EMIT_LOC_STRINGS = NO;
				SWIFT_VERSION = 5.0;
				TARGETED_DEVICE_FAMILY = "1,2";
				TEST_TARGET_NAME = AnimationsDemo;
			};
			name = Release;
		};
/* End XCBuildConfiguration section */

/* Begin XCConfigurationList section */
		3761D82C29D3372D008A17E2 /* Build configuration list for PBXProject "AnimationsDemo" */ = {
			isa = XCConfigurationList;
			buildConfigurations = (
				3761D85929D33731008A17E2 /* Debug */,
				3761D85A29D33731008A17E2 /* Release */,
			);
			defaultConfigurationIsVisible = 0;
			defaultConfigurationName = Release;
		};
		3761D85B29D33731008A17E2 /* Build configuration list for PBXNativeTarget "AnimationsDemo" */ = {
			isa = XCConfigurationList;
			buildConfigurations = (
				3761D85C29D33731008A17E2 /* Debug */,
				3761D85D29D33731008A17E2 /* Release */,
			);
			defaultConfigurationIsVisible = 0;
			defaultConfigurationName = Release;
		};
		3761D85E29D33731008A17E2 /* Build configuration list for PBXNativeTarget "AnimationsDemoTests" */ = {
			isa = XCConfigurationList;
			buildConfigurations = (
				3761D85F29D33731008A17E2 /* Debug */,
				3761D86029D33731008A17E2 /* Release */,
			);
			defaultConfigurationIsVisible = 0;
			defaultConfigurationName = Release;
		};
		3761D86129D33731008A17E2 /* Build configuration list for PBXNativeTarget "AnimationsDemoUITests" */ = {
			isa = XCConfigurationList;
			buildConfigurations = (
				3761D86229D33731008A17E2 /* Debug */,
				3761D86329D33731008A17E2 /* Release */,
			);
			defaultConfigurationIsVisible = 0;
			defaultConfigurationName = Release;
		};
/* End XCConfigurationList section */
	};
	rootObject = 3761D82929D3372D008A17E2 /* Project object */;
}
