// !$*UTF8*$!
{
	archiveVersion = 1;
	classes = {
	};
	objectVersion = 55;
	objects = {

/* Begin PBXBuildFile section */
		377113E229D5D6E5008B5AF4 /* AppDelegate.swift in Sources */ = {isa = PBXBuildFile; fileRef = 377113E129D5D6E5008B5AF4 /* AppDelegate.swift */; };
		377113E429D5D6E5008B5AF4 /* SceneDelegate.swift in Sources */ = {isa = PBXBuildFile; fileRef = 377113E329D5D6E5008B5AF4 /* SceneDelegate.swift */; };
		377113E629D5D6E5008B5AF4 /* ViewController.swift in Sources */ = {isa = PBXBuildFile; fileRef = 377113E529D5D6E5008B5AF4 /* ViewController.swift */; };
		377113E929D5D6E5008B5AF4 /* Main.storyboard in Resources */ = {isa = PBXBuildFile; fileRef = 377113E729D5D6E5008B5AF4 /* Main.storyboard */; };
		377113EB29D5D6EC008B5AF4 /* Assets.xcassets in Resources */ = {isa = PBXBuildFile; fileRef = 377113EA29D5D6EC008B5AF4 /* Assets.xcassets */; };
		377113EE29D5D6EC008B5AF4 /* LaunchScreen.storyboard in Resources */ = {isa = PBXBuildFile; fileRef = 377113EC29D5D6EC008B5AF4 /* LaunchScreen.storyboard */; };
		377113F929D5D6EC008B5AF4 /* MVCDiscountAppTests.swift in Sources */ = {isa = PBXBuildFile; fileRef = 377113F829D5D6EC008B5AF4 /* MVCDiscountAppTests.swift */; };
		3771140329D5D6ED008B5AF4 /* MVCDiscountAppUITests.swift in Sources */ = {isa = PBXBuildFile; fileRef = 3771140229D5D6ED008B5AF4 /* MVCDiscountAppUITests.swift */; };
		3771140529D5D6ED008B5AF4 /* MVCDiscountAppUITestsLaunchTests.swift in Sources */ = {isa = PBXBuildFile; fileRef = 3771140429D5D6ED008B5AF4 /* MVCDiscountAppUITestsLaunchTests.swift */; };
		3771141229D5D9C1008B5AF4 /* ResultViewController.swift in Sources */ = {isa = PBXBuildFile; fileRef = 3771141129D5D9C1008B5AF4 /* ResultViewController.swift */; };
/* End PBXBuildFile section */

/* Begin PBXContainerItemProxy section */
		377113F529D5D6EC008B5AF4 /* PBXContainerItemProxy */ = {
			isa = PBXContainerItemProxy;
			containerPortal = 377113D629D5D6E4008B5AF4 /* Project object */;
			proxyType = 1;
			remoteGlobalIDString = 377113DD29D5D6E5008B5AF4;
			remoteInfo = MVCDiscountApp;
		};
		377113FF29D5D6ED008B5AF4 /* PBXContainerItemProxy */ = {
			isa = PBXContainerItemProxy;
			containerPortal = 377113D629D5D6E4008B5AF4 /* Project object */;
			proxyType = 1;
			remoteGlobalIDString = 377113DD29D5D6E5008B5AF4;
			remoteInfo = MVCDiscountApp;
		};
/* End PBXContainerItemProxy section */

/* Begin PBXFileReference section */
		377113DE29D5D6E5008B5AF4 /* MVCDiscountApp.app */ = {isa = PBXFileReference; explicitFileType = wrapper.application; includeInIndex = 0; path = MVCDiscountApp.app; sourceTree = BUILT_PRODUCTS_DIR; };
		377113E129D5D6E5008B5AF4 /* AppDelegate.swift */ = {isa = PBXFileReference; lastKnownFileType = sourcecode.swift; path = AppDelegate.swift; sourceTree = "<group>"; };
		377113E329D5D6E5008B5AF4 /* SceneDelegate.swift */ = {isa = PBXFileReference; lastKnownFileType = sourcecode.swift; path = SceneDelegate.swift; sourceTree = "<group>"; };
		377113E529D5D6E5008B5AF4 /* ViewController.swift */ = {isa = PBXFileReference; lastKnownFileType = sourcecode.swift; path = ViewController.swift; sourceTree = "<group>"; };
		377113E829D5D6E5008B5AF4 /* Base */ = {isa = PBXFileReference; lastKnownFileType = file.storyboard; name = Base; path = Base.lproj/Main.storyboard; sourceTree = "<group>"; };
		377113EA29D5D6EC008B5AF4 /* Assets.xcassets */ = {isa = PBXFileReference; lastKnownFileType = folder.assetcatalog; path = Assets.xcassets; sourceTree = "<group>"; };
		377113ED29D5D6EC008B5AF4 /* Base */ = {isa = PBXFileReference; lastKnownFileType = file.storyboard; name = Base; path = Base.lproj/LaunchScreen.storyboard; sourceTree = "<group>"; };
		377113EF29D5D6EC008B5AF4 /* Info.plist */ = {isa = PBXFileReference; lastKnownFileType = text.plist.xml; path = Info.plist; sourceTree = "<group>"; };
		377113F429D5D6EC008B5AF4 /* MVCDiscountAppTests.xctest */ = {isa = PBXFileReference; explicitFileType = wrapper.cfbundle; includeInIndex = 0; path = MVCDiscountAppTests.xctest; sourceTree = BUILT_PRODUCTS_DIR; };
		377113F829D5D6EC008B5AF4 /* MVCDiscountAppTests.swift */ = {isa = PBXFileReference; lastKnownFileType = sourcecode.swift; path = MVCDiscountAppTests.swift; sourceTree = "<group>"; };
		377113FE29D5D6ED008B5AF4 /* MVCDiscountAppUITests.xctest */ = {isa = PBXFileReference; explicitFileType = wrapper.cfbundle; includeInIndex = 0; path = MVCDiscountAppUITests.xctest; sourceTree = BUILT_PRODUCTS_DIR; };
		3771140229D5D6ED008B5AF4 /* MVCDiscountAppUITests.swift */ = {isa = PBXFileReference; lastKnownFileType = sourcecode.swift; path = MVCDiscountAppUITests.swift; sourceTree = "<group>"; };
		3771140429D5D6ED008B5AF4 /* MVCDiscountAppUITestsLaunchTests.swift */ = {isa = PBXFileReference; lastKnownFileType = sourcecode.swift; path = MVCDiscountAppUITestsLaunchTests.swift; sourceTree = "<group>"; };
		3771141129D5D9C1008B5AF4 /* ResultViewController.swift */ = {isa = PBXFileReference; lastKnownFileType = sourcecode.swift; path = ResultViewController.swift; sourceTree = "<group>"; };
/* End PBXFileReference section */

/* Begin PBXFrameworksBuildPhase section */
		377113DB29D5D6E5008B5AF4 /* Frameworks */ = {
			isa = PBXFrameworksBuildPhase;
			buildActionMask = 2147483647;
			files = (
			);
			runOnlyForDeploymentPostprocessing = 0;
		};
		377113F129D5D6EC008B5AF4 /* Frameworks */ = {
			isa = PBXFrameworksBuildPhase;
			buildActionMask = 2147483647;
			files = (
			);
			runOnlyForDeploymentPostprocessing = 0;
		};
		377113FB29D5D6ED008B5AF4 /* Frameworks */ = {
			isa = PBXFrameworksBuildPhase;
			buildActionMask = 2147483647;
			files = (
			);
			runOnlyForDeploymentPostprocessing = 0;
		};
/* End PBXFrameworksBuildPhase section */

/* Begin PBXGroup section */
		377113D529D5D6E4008B5AF4 = {
			isa = PBXGroup;
			children = (
				377113E029D5D6E5008B5AF4 /* MVCDiscountApp */,
				377113F729D5D6EC008B5AF4 /* MVCDiscountAppTests */,
				3771140129D5D6ED008B5AF4 /* MVCDiscountAppUITests */,
				377113DF29D5D6E5008B5AF4 /* Products */,
			);
			sourceTree = "<group>";
		};
		377113DF29D5D6E5008B5AF4 /* Products */ = {
			isa = PBXGroup;
			children = (
				377113DE29D5D6E5008B5AF4 /* MVCDiscountApp.app */,
				377113F429D5D6EC008B5AF4 /* MVCDiscountAppTests.xctest */,
				377113FE29D5D6ED008B5AF4 /* MVCDiscountAppUITests.xctest */,
			);
			name = Products;
			sourceTree = "<group>";
		};
		377113E029D5D6E5008B5AF4 /* MVCDiscountApp */ = {
			isa = PBXGroup;
			children = (
				377113E129D5D6E5008B5AF4 /* AppDelegate.swift */,
				377113E329D5D6E5008B5AF4 /* SceneDelegate.swift */,
				377113E529D5D6E5008B5AF4 /* ViewController.swift */,
				377113E729D5D6E5008B5AF4 /* Main.storyboard */,
				377113EA29D5D6EC008B5AF4 /* Assets.xcassets */,
				377113EC29D5D6EC008B5AF4 /* LaunchScreen.storyboard */,
				377113EF29D5D6EC008B5AF4 /* Info.plist */,
				3771141129D5D9C1008B5AF4 /* ResultViewController.swift */,
			);
			path = MVCDiscountApp;
			sourceTree = "<group>";
		};
		377113F729D5D6EC008B5AF4 /* MVCDiscountAppTests */ = {
			isa = PBXGroup;
			children = (
				377113F829D5D6EC008B5AF4 /* MVCDiscountAppTests.swift */,
			);
			path = MVCDiscountAppTests;
			sourceTree = "<group>";
		};
		3771140129D5D6ED008B5AF4 /* MVCDiscountAppUITests */ = {
			isa = PBXGroup;
			children = (
				3771140229D5D6ED008B5AF4 /* MVCDiscountAppUITests.swift */,
				3771140429D5D6ED008B5AF4 /* MVCDiscountAppUITestsLaunchTests.swift */,
			);
			path = MVCDiscountAppUITests;
			sourceTree = "<group>";
		};
/* End PBXGroup section */

/* Begin PBXNativeTarget section */
		377113DD29D5D6E5008B5AF4 /* MVCDiscountApp */ = {
			isa = PBXNativeTarget;
			buildConfigurationList = 3771140829D5D6ED008B5AF4 /* Build configuration list for PBXNativeTarget "MVCDiscountApp" */;
			buildPhases = (
				377113DA29D5D6E5008B5AF4 /* Sources */,
				377113DB29D5D6E5008B5AF4 /* Frameworks */,
				377113DC29D5D6E5008B5AF4 /* Resources */,
			);
			buildRules = (
			);
			dependencies = (
			);
			name = MVCDiscountApp;
			productName = MVCDiscountApp;
			productReference = 377113DE29D5D6E5008B5AF4 /* MVCDiscountApp.app */;
			productType = "com.apple.product-type.application";
		};
		377113F329D5D6EC008B5AF4 /* MVCDiscountAppTests */ = {
			isa = PBXNativeTarget;
			buildConfigurationList = 3771140B29D5D6ED008B5AF4 /* Build configuration list for PBXNativeTarget "MVCDiscountAppTests" */;
			buildPhases = (
				377113F029D5D6EC008B5AF4 /* Sources */,
				377113F129D5D6EC008B5AF4 /* Frameworks */,
				377113F229D5D6EC008B5AF4 /* Resources */,
			);
			buildRules = (
			);
			dependencies = (
				377113F629D5D6EC008B5AF4 /* PBXTargetDependency */,
			);
			name = MVCDiscountAppTests;
			productName = MVCDiscountAppTests;
			productReference = 377113F429D5D6EC008B5AF4 /* MVCDiscountAppTests.xctest */;
			productType = "com.apple.product-type.bundle.unit-test";
		};
		377113FD29D5D6ED008B5AF4 /* MVCDiscountAppUITests */ = {
			isa = PBXNativeTarget;
			buildConfigurationList = 3771140E29D5D6ED008B5AF4 /* Build configuration list for PBXNativeTarget "MVCDiscountAppUITests" */;
			buildPhases = (
				377113FA29D5D6ED008B5AF4 /* Sources */,
				377113FB29D5D6ED008B5AF4 /* Frameworks */,
				377113FC29D5D6ED008B5AF4 /* Resources */,
			);
			buildRules = (
			);
			dependencies = (
				3771140029D5D6ED008B5AF4 /* PBXTargetDependency */,
			);
			name = MVCDiscountAppUITests;
			productName = MVCDiscountAppUITests;
			productReference = 377113FE29D5D6ED008B5AF4 /* MVCDiscountAppUITests.xctest */;
			productType = "com.apple.product-type.bundle.ui-testing";
		};
/* End PBXNativeTarget section */

/* Begin PBXProject section */
		377113D629D5D6E4008B5AF4 /* Project object */ = {
			isa = PBXProject;
			attributes = {
				BuildIndependentTargetsInParallel = 1;
				LastSwiftUpdateCheck = 1340;
				LastUpgradeCheck = 1340;
				TargetAttributes = {
					377113DD29D5D6E5008B5AF4 = {
						CreatedOnToolsVersion = 13.4.1;
					};
					377113F329D5D6EC008B5AF4 = {
						CreatedOnToolsVersion = 13.4.1;
						TestTargetID = 377113DD29D5D6E5008B5AF4;
					};
					377113FD29D5D6ED008B5AF4 = {
						CreatedOnToolsVersion = 13.4.1;
						TestTargetID = 377113DD29D5D6E5008B5AF4;
					};
				};
			};
			buildConfigurationList = 377113D929D5D6E4008B5AF4 /* Build configuration list for PBXProject "MVCDiscountApp" */;
			compatibilityVersion = "Xcode 13.0";
			developmentRegion = en;
			hasScannedForEncodings = 0;
			knownRegions = (
				en,
				Base,
			);
			mainGroup = 377113D529D5D6E4008B5AF4;
			productRefGroup = 377113DF29D5D6E5008B5AF4 /* Products */;
			projectDirPath = "";
			projectRoot = "";
			targets = (
				377113DD29D5D6E5008B5AF4 /* MVCDiscountApp */,
				377113F329D5D6EC008B5AF4 /* MVCDiscountAppTests */,
				377113FD29D5D6ED008B5AF4 /* MVCDiscountAppUITests */,
			);
		};
/* End PBXProject section */

/* Begin PBXResourcesBuildPhase section */
		377113DC29D5D6E5008B5AF4 /* Resources */ = {
			isa = PBXResourcesBuildPhase;
			buildActionMask = 2147483647;
			files = (
				377113EE29D5D6EC008B5AF4 /* LaunchScreen.storyboard in Resources */,
				377113EB29D5D6EC008B5AF4 /* Assets.xcassets in Resources */,
				377113E929D5D6E5008B5AF4 /* Main.storyboard in Resources */,
			);
			runOnlyForDeploymentPostprocessing = 0;
		};
		377113F229D5D6EC008B5AF4 /* Resources */ = {
			isa = PBXResourcesBuildPhase;
			buildActionMask = 2147483647;
			files = (
			);
			runOnlyForDeploymentPostprocessing = 0;
		};
		377113FC29D5D6ED008B5AF4 /* Resources */ = {
			isa = PBXResourcesBuildPhase;
			buildActionMask = 2147483647;
			files = (
			);
			runOnlyForDeploymentPostprocessing = 0;
		};
/* End PBXResourcesBuildPhase section */

/* Begin PBXSourcesBuildPhase section */
		377113DA29D5D6E5008B5AF4 /* Sources */ = {
			isa = PBXSourcesBuildPhase;
			buildActionMask = 2147483647;
			files = (
				377113E629D5D6E5008B5AF4 /* ViewController.swift in Sources */,
				377113E229D5D6E5008B5AF4 /* AppDelegate.swift in Sources */,
				377113E429D5D6E5008B5AF4 /* SceneDelegate.swift in Sources */,
				3771141229D5D9C1008B5AF4 /* ResultViewController.swift in Sources */,
			);
			runOnlyForDeploymentPostprocessing = 0;
		};
		377113F029D5D6EC008B5AF4 /* Sources */ = {
			isa = PBXSourcesBuildPhase;
			buildActionMask = 2147483647;
			files = (
				377113F929D5D6EC008B5AF4 /* MVCDiscountAppTests.swift in Sources */,
			);
			runOnlyForDeploymentPostprocessing = 0;
		};
		377113FA29D5D6ED008B5AF4 /* Sources */ = {
			isa = PBXSourcesBuildPhase;
			buildActionMask = 2147483647;
			files = (
				3771140529D5D6ED008B5AF4 /* MVCDiscountAppUITestsLaunchTests.swift in Sources */,
				3771140329D5D6ED008B5AF4 /* MVCDiscountAppUITests.swift in Sources */,
			);
			runOnlyForDeploymentPostprocessing = 0;
		};
/* End PBXSourcesBuildPhase section */

/* Begin PBXTargetDependency section */
		377113F629D5D6EC008B5AF4 /* PBXTargetDependency */ = {
			isa = PBXTargetDependency;
			target = 377113DD29D5D6E5008B5AF4 /* MVCDiscountApp */;
			targetProxy = 377113F529D5D6EC008B5AF4 /* PBXContainerItemProxy */;
		};
		3771140029D5D6ED008B5AF4 /* PBXTargetDependency */ = {
			isa = PBXTargetDependency;
			target = 377113DD29D5D6E5008B5AF4 /* MVCDiscountApp */;
			targetProxy = 377113FF29D5D6ED008B5AF4 /* PBXContainerItemProxy */;
		};
/* End PBXTargetDependency section */

/* Begin PBXVariantGroup section */
		377113E729D5D6E5008B5AF4 /* Main.storyboard */ = {
			isa = PBXVariantGroup;
			children = (
				377113E829D5D6E5008B5AF4 /* Base */,
			);
			name = Main.storyboard;
			sourceTree = "<group>";
		};
		377113EC29D5D6EC008B5AF4 /* LaunchScreen.storyboard */ = {
			isa = PBXVariantGroup;
			children = (
				377113ED29D5D6EC008B5AF4 /* Base */,
			);
			name = LaunchScreen.storyboard;
			sourceTree = "<group>";
		};
/* End PBXVariantGroup section */

/* Begin XCBuildConfiguration section */
		3771140629D5D6ED008B5AF4 /* Debug */ = {
			isa = XCBuildConfiguration;
			buildSettings = {
				ALWAYS_SEARCH_USER_PATHS = NO;
				CLANG_ANALYZER_NONNULL = YES;
				CLANG_ANALYZER_NUMBER_OBJECT_CONVERSION = YES_AGGRESSIVE;
				CLANG_CXX_LANGUAGE_STANDARD = "gnu++17";
				CLANG_ENABLE_MODULES = YES;
				CLANG_ENABLE_OBJC_ARC = YES;
				CLANG_ENABLE_OBJC_WEAK = YES;
				CLANG_WARN_BLOCK_CAPTURE_AUTORELEASING = YES;
				CLANG_WARN_BOOL_CONVERSION = YES;
				CLANG_WARN_COMMA = YES;
				CLANG_WARN_CONSTANT_CONVERSION = YES;
				CLANG_WARN_DEPRECATED_OBJC_IMPLEMENTATIONS = YES;
				CLANG_WARN_DIRECT_OBJC_ISA_USAGE = YES_ERROR;
				CLANG_WARN_DOCUMENTATION_COMMENTS = YES;
				CLANG_WARN_EMPTY_BODY = YES;
				CLANG_WARN_ENUM_CONVERSION = YES;
				CLANG_WARN_INFINITE_RECURSION = YES;
				CLANG_WARN_INT_CONVERSION = YES;
				CLANG_WARN_NON_LITERAL_NULL_CONVERSION = YES;
				CLANG_WARN_OBJC_IMPLICIT_RETAIN_SELF = YES;
				CLANG_WARN_OBJC_LITERAL_CONVERSION = YES;
				CLANG_WARN_OBJC_ROOT_CLASS = YES_ERROR;
				CLANG_WARN_QUOTED_INCLUDE_IN_FRAMEWORK_HEADER = YES;
				CLANG_WARN_RANGE_LOOP_ANALYSIS = YES;
				CLANG_WARN_STRICT_PROTOTYPES = YES;
				CLANG_WARN_SUSPICIOUS_MOVE = YES;
				CLANG_WARN_UNGUARDED_AVAILABILITY = YES_AGGRESSIVE;
				CLANG_WARN_UNREACHABLE_CODE = YES;
				CLANG_WARN__DUPLICATE_METHOD_MATCH = YES;
				COPY_PHASE_STRIP = NO;
				DEBUG_INFORMATION_FORMAT = dwarf;
				ENABLE_STRICT_OBJC_MSGSEND = YES;
				ENABLE_TESTABILITY = YES;
				GCC_C_LANGUAGE_STANDARD = gnu11;
				GCC_DYNAMIC_NO_PIC = NO;
				GCC_NO_COMMON_BLOCKS = YES;
				GCC_OPTIMIZATION_LEVEL = 0;
				GCC_PREPROCESSOR_DEFINITIONS = (
					"DEBUG=1",
					"$(inherited)",
				);
				GCC_WARN_64_TO_32_BIT_CONVERSION = YES;
				GCC_WARN_ABOUT_RETURN_TYPE = YES_ERROR;
				GCC_WARN_UNDECLARED_SELECTOR = YES;
				GCC_WARN_UNINITIALIZED_AUTOS = YES_AGGRESSIVE;
				GCC_WARN_UNUSED_FUNCTION = YES;
				GCC_WARN_UNUSED_VARIABLE = YES;
				IPHONEOS_DEPLOYMENT_TARGET = 15.5;
				MTL_ENABLE_DEBUG_INFO = INCLUDE_SOURCE;
				MTL_FAST_MATH = YES;
				ONLY_ACTIVE_ARCH = YES;
				SDKROOT = iphoneos;
				SWIFT_ACTIVE_COMPILATION_CONDITIONS = DEBUG;
				SWIFT_OPTIMIZATION_LEVEL = "-Onone";
			};
			name = Debug;
		};
		3771140729D5D6ED008B5AF4 /* Release */ = {
			isa = XCBuildConfiguration;
			buildSettings = {
				ALWAYS_SEARCH_USER_PATHS = NO;
				CLANG_ANALYZER_NONNULL = YES;
				CLANG_ANALYZER_NUMBER_OBJECT_CONVERSION = YES_AGGRESSIVE;
				CLANG_CXX_LANGUAGE_STANDARD = "gnu++17";
				CLANG_ENABLE_MODULES = YES;
				CLANG_ENABLE_OBJC_ARC = YES;
				CLANG_ENABLE_OBJC_WEAK = YES;
				CLANG_WARN_BLOCK_CAPTURE_AUTORELEASING = YES;
				CLANG_WARN_BOOL_CONVERSION = YES;
				CLANG_WARN_COMMA = YES;
				CLANG_WARN_CONSTANT_CONVERSION = YES;
				CLANG_WARN_DEPRECATED_OBJC_IMPLEMENTATIONS = YES;
				CLANG_WARN_DIRECT_OBJC_ISA_USAGE = YES_ERROR;
				CLANG_WARN_DOCUMENTATION_COMMENTS = YES;
				CLANG_WARN_EMPTY_BODY = YES;
				CLANG_WARN_ENUM_CONVERSION = YES;
				CLANG_WARN_INFINITE_RECURSION = YES;
				CLANG_WARN_INT_CONVERSION = YES;
				CLANG_WARN_NON_LITERAL_NULL_CONVERSION = YES;
				CLANG_WARN_OBJC_IMPLICIT_RETAIN_SELF = YES;
				CLANG_WARN_OBJC_LITERAL_CONVERSION = YES;
				CLANG_WARN_OBJC_ROOT_CLASS = YES_ERROR;
				CLANG_WARN_QUOTED_INCLUDE_IN_FRAMEWORK_HEADER = YES;
				CLANG_WARN_RANGE_LOOP_ANALYSIS = YES;
				CLANG_WARN_STRICT_PROTOTYPES = YES;
				CLANG_WARN_SUSPICIOUS_MOVE = YES;
				CLANG_WARN_UNGUARDED_AVAILABILITY = YES_AGGRESSIVE;
				CLANG_WARN_UNREACHABLE_CODE = YES;
				CLANG_WARN__DUPLICATE_METHOD_MATCH = YES;
				COPY_PHASE_STRIP = NO;
				DEBUG_INFORMATION_FORMAT = "dwarf-with-dsym";
				ENABLE_NS_ASSERTIONS = NO;
				ENABLE_STRICT_OBJC_MSGSEND = YES;
				GCC_C_LANGUAGE_STANDARD = gnu11;
				GCC_NO_COMMON_BLOCKS = YES;
				GCC_WARN_64_TO_32_BIT_CONVERSION = YES;
				GCC_WARN_ABOUT_RETURN_TYPE = YES_ERROR;
				GCC_WARN_UNDECLARED_SELECTOR = YES;
				GCC_WARN_UNINITIALIZED_AUTOS = YES_AGGRESSIVE;
				GCC_WARN_UNUSED_FUNCTION = YES;
				GCC_WARN_UNUSED_VARIABLE = YES;
				IPHONEOS_DEPLOYMENT_TARGET = 15.5;
				MTL_ENABLE_DEBUG_INFO = NO;
				MTL_FAST_MATH = YES;
				SDKROOT = iphoneos;
				SWIFT_COMPILATION_MODE = wholemodule;
				SWIFT_OPTIMIZATION_LEVEL = "-O";
				VALIDATE_PRODUCT = YES;
			};
			name = Release;
		};
		3771140929D5D6ED008B5AF4 /* Debug */ = {
			isa = XCBuildConfiguration;
			buildSettings = {
				ASSETCATALOG_COMPILER_APPICON_NAME = AppIcon;
				ASSETCATALOG_COMPILER_GLOBAL_ACCENT_COLOR_NAME = AccentColor;
				CODE_SIGN_STYLE = Automatic;
				CURRENT_PROJECT_VERSION = 1;
				GENERATE_INFOPLIST_FILE = YES;
				INFOPLIST_FILE = MVCDiscountApp/Info.plist;
				INFOPLIST_KEY_CFBundleDisplayName = MVCDiscountApp;
				INFOPLIST_KEY_UIApplicationSupportsIndirectInputEvents = YES;
				INFOPLIST_KEY_UILaunchStoryboardName = LaunchScreen;
				INFOPLIST_KEY_UIMainStoryboardFile = Main;
				INFOPLIST_KEY_UISupportedInterfaceOrientations_iPad = "UIInterfaceOrientationPortrait UIInterfaceOrientationPortraitUpsideDown UIInterfaceOrientationLandscapeLeft UIInterfaceOrientationLandscapeRight";
				INFOPLIST_KEY_UISupportedInterfaceOrientations_iPhone = "UIInterfaceOrientationPortrait UIInterfaceOrientationLandscapeLeft UIInterfaceOrientationLandscapeRight";
				LD_RUNPATH_SEARCH_PATHS = (
					"$(inherited)",
					"@executable_path/Frameworks",
				);
				MARKETING_VERSION = 1.0;
				PRODUCT_BUNDLE_IDENTIFIER = nwmsu.MVCDiscountApp;
				PRODUCT_NAME = "$(TARGET_NAME)";
				SWIFT_EMIT_LOC_STRINGS = YES;
				SWIFT_VERSION = 5.0;
				TARGETED_DEVICE_FAMILY = "1,2";
			};
			name = Debug;
		};
		3771140A29D5D6ED008B5AF4 /* Release */ = {
			isa = XCBuildConfiguration;
			buildSettings = {
				ASSETCATALOG_COMPILER_APPICON_NAME = AppIcon;
				ASSETCATALOG_COMPILER_GLOBAL_ACCENT_COLOR_NAME = AccentColor;
				CODE_SIGN_STYLE = Automatic;
				CURRENT_PROJECT_VERSION = 1;
				GENERATE_INFOPLIST_FILE = YES;
				INFOPLIST_FILE = MVCDiscountApp/Info.plist;
				INFOPLIST_KEY_CFBundleDisplayName = MVCDiscountApp;
				INFOPLIST_KEY_UIApplicationSupportsIndirectInputEvents = YES;
				INFOPLIST_KEY_UILaunchStoryboardName = LaunchScreen;
				INFOPLIST_KEY_UIMainStoryboardFile = Main;
				INFOPLIST_KEY_UISupportedInterfaceOrientations_iPad = "UIInterfaceOrientationPortrait UIInterfaceOrientationPortraitUpsideDown UIInterfaceOrientationLandscapeLeft UIInterfaceOrientationLandscapeRight";
				INFOPLIST_KEY_UISupportedInterfaceOrientations_iPhone = "UIInterfaceOrientationPortrait UIInterfaceOrientationLandscapeLeft UIInterfaceOrientationLandscapeRight";
				LD_RUNPATH_SEARCH_PATHS = (
					"$(inherited)",
					"@executable_path/Frameworks",
				);
				MARKETING_VERSION = 1.0;
				PRODUCT_BUNDLE_IDENTIFIER = nwmsu.MVCDiscountApp;
				PRODUCT_NAME = "$(TARGET_NAME)";
				SWIFT_EMIT_LOC_STRINGS = YES;
				SWIFT_VERSION = 5.0;
				TARGETED_DEVICE_FAMILY = "1,2";
			};
			name = Release;
		};
		3771140C29D5D6ED008B5AF4 /* Debug */ = {
			isa = XCBuildConfiguration;
			buildSettings = {
				ALWAYS_EMBED_SWIFT_STANDARD_LIBRARIES = YES;
				BUNDLE_LOADER = "$(TEST_HOST)";
				CODE_SIGN_STYLE = Automatic;
				CURRENT_PROJECT_VERSION = 1;
				GENERATE_INFOPLIST_FILE = YES;
				IPHONEOS_DEPLOYMENT_TARGET = 15.5;
				MARKETING_VERSION = 1.0;
				PRODUCT_BUNDLE_IDENTIFIER = nwmsu.MVCDiscountAppTests;
				PRODUCT_NAME = "$(TARGET_NAME)";
				SWIFT_EMIT_LOC_STRINGS = NO;
				SWIFT_VERSION = 5.0;
				TARGETED_DEVICE_FAMILY = "1,2";
				TEST_HOST = "$(BUILT_PRODUCTS_DIR)/MVCDiscountApp.app/MVCDiscountApp";
			};
			name = Debug;
		};
		3771140D29D5D6ED008B5AF4 /* Release */ = {
			isa = XCBuildConfiguration;
			buildSettings = {
				ALWAYS_EMBED_SWIFT_STANDARD_LIBRARIES = YES;
				BUNDLE_LOADER = "$(TEST_HOST)";
				CODE_SIGN_STYLE = Automatic;
				CURRENT_PROJECT_VERSION = 1;
				GENERATE_INFOPLIST_FILE = YES;
				IPHONEOS_DEPLOYMENT_TARGET = 15.5;
				MARKETING_VERSION = 1.0;
				PRODUCT_BUNDLE_IDENTIFIER = nwmsu.MVCDiscountAppTests;
				PRODUCT_NAME = "$(TARGET_NAME)";
				SWIFT_EMIT_LOC_STRINGS = NO;
				SWIFT_VERSION = 5.0;
				TARGETED_DEVICE_FAMILY = "1,2";
				TEST_HOST = "$(BUILT_PRODUCTS_DIR)/MVCDiscountApp.app/MVCDiscountApp";
			};
			name = Release;
		};
		3771140F29D5D6ED008B5AF4 /* Debug */ = {
			isa = XCBuildConfiguration;
			buildSettings = {
				ALWAYS_EMBED_SWIFT_STANDARD_LIBRARIES = YES;
				CODE_SIGN_STYLE = Automatic;
				CURRENT_PROJECT_VERSION = 1;
				GENERATE_INFOPLIST_FILE = YES;
				MARKETING_VERSION = 1.0;
				PRODUCT_BUNDLE_IDENTIFIER = nwmsu.MVCDiscountAppUITests;
				PRODUCT_NAME = "$(TARGET_NAME)";
				SWIFT_EMIT_LOC_STRINGS = NO;
				SWIFT_VERSION = 5.0;
				TARGETED_DEVICE_FAMILY = "1,2";
				TEST_TARGET_NAME = MVCDiscountApp;
			};
			name = Debug;
		};
		3771141029D5D6ED008B5AF4 /* Release */ = {
			isa = XCBuildConfiguration;
			buildSettings = {
				ALWAYS_EMBED_SWIFT_STANDARD_LIBRARIES = YES;
				CODE_SIGN_STYLE = Automatic;
				CURRENT_PROJECT_VERSION = 1;
				GENERATE_INFOPLIST_FILE = YES;
				MARKETING_VERSION = 1.0;
				PRODUCT_BUNDLE_IDENTIFIER = nwmsu.MVCDiscountAppUITests;
				PRODUCT_NAME = "$(TARGET_NAME)";
				SWIFT_EMIT_LOC_STRINGS = NO;
				SWIFT_VERSION = 5.0;
				TARGETED_DEVICE_FAMILY = "1,2";
				TEST_TARGET_NAME = MVCDiscountApp;
			};
			name = Release;
		};
/* End XCBuildConfiguration section */

/* Begin XCConfigurationList section */
		377113D929D5D6E4008B5AF4 /* Build configuration list for PBXProject "MVCDiscountApp" */ = {
			isa = XCConfigurationList;
			buildConfigurations = (
				3771140629D5D6ED008B5AF4 /* Debug */,
				3771140729D5D6ED008B5AF4 /* Release */,
			);
			defaultConfigurationIsVisible = 0;
			defaultConfigurationName = Release;
		};
		3771140829D5D6ED008B5AF4 /* Build configuration list for PBXNativeTarget "MVCDiscountApp" */ = {
			isa = XCConfigurationList;
			buildConfigurations = (
				3771140929D5D6ED008B5AF4 /* Debug */,
				3771140A29D5D6ED008B5AF4 /* Release */,
			);
			defaultConfigurationIsVisible = 0;
			defaultConfigurationName = Release;
		};
		3771140B29D5D6ED008B5AF4 /* Build configuration list for PBXNativeTarget "MVCDiscountAppTests" */ = {
			isa = XCConfigurationList;
			buildConfigurations = (
				3771140C29D5D6ED008B5AF4 /* Debug */,
				3771140D29D5D6ED008B5AF4 /* Release */,
			);
			defaultConfigurationIsVisible = 0;
			defaultConfigurationName = Release;
		};
		3771140E29D5D6ED008B5AF4 /* Build configuration list for PBXNativeTarget "MVCDiscountAppUITests" */ = {
			isa = XCConfigurationList;
			buildConfigurations = (
				3771140F29D5D6ED008B5AF4 /* Debug */,
				3771141029D5D6ED008B5AF4 /* Release */,
			);
			defaultConfigurationIsVisible = 0;
			defaultConfigurationName = Release;
		};
/* End XCConfigurationList section */
	};
	rootObject = 377113D629D5D6E4008B5AF4 /* Project object */;
}
