// !$*UTF8*$!
{
	archiveVersion = 1;
	classes = {
	};
	objectVersion = 55;
	objects = {

/* Begin PBXBuildFile section */
		37A8FF3329AD9908006BE0A6 /* AppDelegate.swift in Sources */ = {isa = PBXBuildFile; fileRef = 37A8FF3229AD9908006BE0A6 /* AppDelegate.swift */; };
		37A8FF3529AD9908006BE0A6 /* SceneDelegate.swift in Sources */ = {isa = PBXBuildFile; fileRef = 37A8FF3429AD9908006BE0A6 /* SceneDelegate.swift */; };
		37A8FF3729AD9908006BE0A6 /* ViewController.swift in Sources */ = {isa = PBXBuildFile; fileRef = 37A8FF3629AD9908006BE0A6 /* ViewController.swift */; };
		37A8FF3A29AD9909006BE0A6 /* Main.storyboard in Resources */ = {isa = PBXBuildFile; fileRef = 37A8FF3829AD9908006BE0A6 /* Main.storyboard */; };
		37A8FF3C29AD9910006BE0A6 /* Assets.xcassets in Resources */ = {isa = PBXBuildFile; fileRef = 37A8FF3B29AD9910006BE0A6 /* Assets.xcassets */; };
		37A8FF3F29AD9910006BE0A6 /* LaunchScreen.storyboard in Resources */ = {isa = PBXBuildFile; fileRef = 37A8FF3D29AD9910006BE0A6 /* LaunchScreen.storyboard */; };
		37A8FF4A29AD9910006BE0A6 /* practiceTests.swift in Sources */ = {isa = PBXBuildFile; fileRef = 37A8FF4929AD9910006BE0A6 /* practiceTests.swift */; };
		37A8FF5429AD9911006BE0A6 /* practiceUITests.swift in Sources */ = {isa = PBXBuildFile; fileRef = 37A8FF5329AD9911006BE0A6 /* practiceUITests.swift */; };
		37A8FF5629AD9911006BE0A6 /* practiceUITestsLaunchTests.swift in Sources */ = {isa = PBXBuildFile; fileRef = 37A8FF5529AD9911006BE0A6 /* practiceUITestsLaunchTests.swift */; };
/* End PBXBuildFile section */

/* Begin PBXContainerItemProxy section */
		37A8FF4629AD9910006BE0A6 /* PBXContainerItemProxy */ = {
			isa = PBXContainerItemProxy;
			containerPortal = 37A8FF2729AD9908006BE0A6 /* Project object */;
			proxyType = 1;
			remoteGlobalIDString = 37A8FF2E29AD9908006BE0A6;
			remoteInfo = practice;
		};
		37A8FF5029AD9911006BE0A6 /* PBXContainerItemProxy */ = {
			isa = PBXContainerItemProxy;
			containerPortal = 37A8FF2729AD9908006BE0A6 /* Project object */;
			proxyType = 1;
			remoteGlobalIDString = 37A8FF2E29AD9908006BE0A6;
			remoteInfo = practice;
		};
/* End PBXContainerItemProxy section */

/* Begin PBXFileReference section */
		37A8FF2F29AD9908006BE0A6 /* practice.app */ = {isa = PBXFileReference; explicitFileType = wrapper.application; includeInIndex = 0; path = practice.app; sourceTree = BUILT_PRODUCTS_DIR; };
		37A8FF3229AD9908006BE0A6 /* AppDelegate.swift */ = {isa = PBXFileReference; lastKnownFileType = sourcecode.swift; path = AppDelegate.swift; sourceTree = "<group>"; };
		37A8FF3429AD9908006BE0A6 /* SceneDelegate.swift */ = {isa = PBXFileReference; lastKnownFileType = sourcecode.swift; path = SceneDelegate.swift; sourceTree = "<group>"; };
		37A8FF3629AD9908006BE0A6 /* ViewController.swift */ = {isa = PBXFileReference; lastKnownFileType = sourcecode.swift; path = ViewController.swift; sourceTree = "<group>"; };
		37A8FF3929AD9908006BE0A6 /* Base */ = {isa = PBXFileReference; lastKnownFileType = file.storyboard; name = Base; path = Base.lproj/Main.storyboard; sourceTree = "<group>"; };
		37A8FF3B29AD9910006BE0A6 /* Assets.xcassets */ = {isa = PBXFileReference; lastKnownFileType = folder.assetcatalog; path = Assets.xcassets; sourceTree = "<group>"; };
		37A8FF3E29AD9910006BE0A6 /* Base */ = {isa = PBXFileReference; lastKnownFileType = file.storyboard; name = Base; path = Base.lproj/LaunchScreen.storyboard; sourceTree = "<group>"; };
		37A8FF4029AD9910006BE0A6 /* Info.plist */ = {isa = PBXFileReference; lastKnownFileType = text.plist.xml; path = Info.plist; sourceTree = "<group>"; };
		37A8FF4529AD9910006BE0A6 /* practiceTests.xctest */ = {isa = PBXFileReference; explicitFileType = wrapper.cfbundle; includeInIndex = 0; path = practiceTests.xctest; sourceTree = BUILT_PRODUCTS_DIR; };
		37A8FF4929AD9910006BE0A6 /* practiceTests.swift */ = {isa = PBXFileReference; lastKnownFileType = sourcecode.swift; path = practiceTests.swift; sourceTree = "<group>"; };
		37A8FF4F29AD9911006BE0A6 /* practiceUITests.xctest */ = {isa = PBXFileReference; explicitFileType = wrapper.cfbundle; includeInIndex = 0; path = practiceUITests.xctest; sourceTree = BUILT_PRODUCTS_DIR; };
		37A8FF5329AD9911006BE0A6 /* practiceUITests.swift */ = {isa = PBXFileReference; lastKnownFileType = sourcecode.swift; path = practiceUITests.swift; sourceTree = "<group>"; };
		37A8FF5529AD9911006BE0A6 /* practiceUITestsLaunchTests.swift */ = {isa = PBXFileReference; lastKnownFileType = sourcecode.swift; path = practiceUITestsLaunchTests.swift; sourceTree = "<group>"; };
/* End PBXFileReference section */

/* Begin PBXFrameworksBuildPhase section */
		37A8FF2C29AD9908006BE0A6 /* Frameworks */ = {
			isa = PBXFrameworksBuildPhase;
			buildActionMask = 2147483647;
			files = (
			);
			runOnlyForDeploymentPostprocessing = 0;
		};
		37A8FF4229AD9910006BE0A6 /* Frameworks */ = {
			isa = PBXFrameworksBuildPhase;
			buildActionMask = 2147483647;
			files = (
			);
			runOnlyForDeploymentPostprocessing = 0;
		};
		37A8FF4C29AD9911006BE0A6 /* Frameworks */ = {
			isa = PBXFrameworksBuildPhase;
			buildActionMask = 2147483647;
			files = (
			);
			runOnlyForDeploymentPostprocessing = 0;
		};
/* End PBXFrameworksBuildPhase section */

/* Begin PBXGroup section */
		37A8FF2629AD9908006BE0A6 = {
			isa = PBXGroup;
			children = (
				37A8FF3129AD9908006BE0A6 /* practice */,
				37A8FF4829AD9910006BE0A6 /* practiceTests */,
				37A8FF5229AD9911006BE0A6 /* practiceUITests */,
				37A8FF3029AD9908006BE0A6 /* Products */,
			);
			sourceTree = "<group>";
		};
		37A8FF3029AD9908006BE0A6 /* Products */ = {
			isa = PBXGroup;
			children = (
				37A8FF2F29AD9908006BE0A6 /* practice.app */,
				37A8FF4529AD9910006BE0A6 /* practiceTests.xctest */,
				37A8FF4F29AD9911006BE0A6 /* practiceUITests.xctest */,
			);
			name = Products;
			sourceTree = "<group>";
		};
		37A8FF3129AD9908006BE0A6 /* practice */ = {
			isa = PBXGroup;
			children = (
				37A8FF3229AD9908006BE0A6 /* AppDelegate.swift */,
				37A8FF3429AD9908006BE0A6 /* SceneDelegate.swift */,
				37A8FF3629AD9908006BE0A6 /* ViewController.swift */,
				37A8FF3829AD9908006BE0A6 /* Main.storyboard */,
				37A8FF3B29AD9910006BE0A6 /* Assets.xcassets */,
				37A8FF3D29AD9910006BE0A6 /* LaunchScreen.storyboard */,
				37A8FF4029AD9910006BE0A6 /* Info.plist */,
			);
			path = practice;
			sourceTree = "<group>";
		};
		37A8FF4829AD9910006BE0A6 /* practiceTests */ = {
			isa = PBXGroup;
			children = (
				37A8FF4929AD9910006BE0A6 /* practiceTests.swift */,
			);
			path = practiceTests;
			sourceTree = "<group>";
		};
		37A8FF5229AD9911006BE0A6 /* practiceUITests */ = {
			isa = PBXGroup;
			children = (
				37A8FF5329AD9911006BE0A6 /* practiceUITests.swift */,
				37A8FF5529AD9911006BE0A6 /* practiceUITestsLaunchTests.swift */,
			);
			path = practiceUITests;
			sourceTree = "<group>";
		};
/* End PBXGroup section */

/* Begin PBXNativeTarget section */
		37A8FF2E29AD9908006BE0A6 /* practice */ = {
			isa = PBXNativeTarget;
			buildConfigurationList = 37A8FF5929AD9911006BE0A6 /* Build configuration list for PBXNativeTarget "practice" */;
			buildPhases = (
				37A8FF2B29AD9908006BE0A6 /* Sources */,
				37A8FF2C29AD9908006BE0A6 /* Frameworks */,
				37A8FF2D29AD9908006BE0A6 /* Resources */,
			);
			buildRules = (
			);
			dependencies = (
			);
			name = practice;
			productName = practice;
			productReference = 37A8FF2F29AD9908006BE0A6 /* practice.app */;
			productType = "com.apple.product-type.application";
		};
		37A8FF4429AD9910006BE0A6 /* practiceTests */ = {
			isa = PBXNativeTarget;
			buildConfigurationList = 37A8FF5C29AD9911006BE0A6 /* Build configuration list for PBXNativeTarget "practiceTests" */;
			buildPhases = (
				37A8FF4129AD9910006BE0A6 /* Sources */,
				37A8FF4229AD9910006BE0A6 /* Frameworks */,
				37A8FF4329AD9910006BE0A6 /* Resources */,
			);
			buildRules = (
			);
			dependencies = (
				37A8FF4729AD9910006BE0A6 /* PBXTargetDependency */,
			);
			name = practiceTests;
			productName = practiceTests;
			productReference = 37A8FF4529AD9910006BE0A6 /* practiceTests.xctest */;
			productType = "com.apple.product-type.bundle.unit-test";
		};
		37A8FF4E29AD9911006BE0A6 /* practiceUITests */ = {
			isa = PBXNativeTarget;
			buildConfigurationList = 37A8FF5F29AD9911006BE0A6 /* Build configuration list for PBXNativeTarget "practiceUITests" */;
			buildPhases = (
				37A8FF4B29AD9911006BE0A6 /* Sources */,
				37A8FF4C29AD9911006BE0A6 /* Frameworks */,
				37A8FF4D29AD9911006BE0A6 /* Resources */,
			);
			buildRules = (
			);
			dependencies = (
				37A8FF5129AD9911006BE0A6 /* PBXTargetDependency */,
			);
			name = practiceUITests;
			productName = practiceUITests;
			productReference = 37A8FF4F29AD9911006BE0A6 /* practiceUITests.xctest */;
			productType = "com.apple.product-type.bundle.ui-testing";
		};
/* End PBXNativeTarget section */

/* Begin PBXProject section */
		37A8FF2729AD9908006BE0A6 /* Project object */ = {
			isa = PBXProject;
			attributes = {
				BuildIndependentTargetsInParallel = 1;
				LastSwiftUpdateCheck = 1340;
				LastUpgradeCheck = 1340;
				TargetAttributes = {
					37A8FF2E29AD9908006BE0A6 = {
						CreatedOnToolsVersion = 13.4.1;
					};
					37A8FF4429AD9910006BE0A6 = {
						CreatedOnToolsVersion = 13.4.1;
						TestTargetID = 37A8FF2E29AD9908006BE0A6;
					};
					37A8FF4E29AD9911006BE0A6 = {
						CreatedOnToolsVersion = 13.4.1;
						TestTargetID = 37A8FF2E29AD9908006BE0A6;
					};
				};
			};
			buildConfigurationList = 37A8FF2A29AD9908006BE0A6 /* Build configuration list for PBXProject "practice" */;
			compatibilityVersion = "Xcode 13.0";
			developmentRegion = en;
			hasScannedForEncodings = 0;
			knownRegions = (
				en,
				Base,
			);
			mainGroup = 37A8FF2629AD9908006BE0A6;
			productRefGroup = 37A8FF3029AD9908006BE0A6 /* Products */;
			projectDirPath = "";
			projectRoot = "";
			targets = (
				37A8FF2E29AD9908006BE0A6 /* practice */,
				37A8FF4429AD9910006BE0A6 /* practiceTests */,
				37A8FF4E29AD9911006BE0A6 /* practiceUITests */,
			);
		};
/* End PBXProject section */

/* Begin PBXResourcesBuildPhase section */
		37A8FF2D29AD9908006BE0A6 /* Resources */ = {
			isa = PBXResourcesBuildPhase;
			buildActionMask = 2147483647;
			files = (
				37A8FF3F29AD9910006BE0A6 /* LaunchScreen.storyboard in Resources */,
				37A8FF3C29AD9910006BE0A6 /* Assets.xcassets in Resources */,
				37A8FF3A29AD9909006BE0A6 /* Main.storyboard in Resources */,
			);
			runOnlyForDeploymentPostprocessing = 0;
		};
		37A8FF4329AD9910006BE0A6 /* Resources */ = {
			isa = PBXResourcesBuildPhase;
			buildActionMask = 2147483647;
			files = (
			);
			runOnlyForDeploymentPostprocessing = 0;
		};
		37A8FF4D29AD9911006BE0A6 /* Resources */ = {
			isa = PBXResourcesBuildPhase;
			buildActionMask = 2147483647;
			files = (
			);
			runOnlyForDeploymentPostprocessing = 0;
		};
/* End PBXResourcesBuildPhase section */

/* Begin PBXSourcesBuildPhase section */
		37A8FF2B29AD9908006BE0A6 /* Sources */ = {
			isa = PBXSourcesBuildPhase;
			buildActionMask = 2147483647;
			files = (
				37A8FF3729AD9908006BE0A6 /* ViewController.swift in Sources */,
				37A8FF3329AD9908006BE0A6 /* AppDelegate.swift in Sources */,
				37A8FF3529AD9908006BE0A6 /* SceneDelegate.swift in Sources */,
			);
			runOnlyForDeploymentPostprocessing = 0;
		};
		37A8FF4129AD9910006BE0A6 /* Sources */ = {
			isa = PBXSourcesBuildPhase;
			buildActionMask = 2147483647;
			files = (
				37A8FF4A29AD9910006BE0A6 /* practiceTests.swift in Sources */,
			);
			runOnlyForDeploymentPostprocessing = 0;
		};
		37A8FF4B29AD9911006BE0A6 /* Sources */ = {
			isa = PBXSourcesBuildPhase;
			buildActionMask = 2147483647;
			files = (
				37A8FF5629AD9911006BE0A6 /* practiceUITestsLaunchTests.swift in Sources */,
				37A8FF5429AD9911006BE0A6 /* practiceUITests.swift in Sources */,
			);
			runOnlyForDeploymentPostprocessing = 0;
		};
/* End PBXSourcesBuildPhase section */

/* Begin PBXTargetDependency section */
		37A8FF4729AD9910006BE0A6 /* PBXTargetDependency */ = {
			isa = PBXTargetDependency;
			target = 37A8FF2E29AD9908006BE0A6 /* practice */;
			targetProxy = 37A8FF4629AD9910006BE0A6 /* PBXContainerItemProxy */;
		};
		37A8FF5129AD9911006BE0A6 /* PBXTargetDependency */ = {
			isa = PBXTargetDependency;
			target = 37A8FF2E29AD9908006BE0A6 /* practice */;
			targetProxy = 37A8FF5029AD9911006BE0A6 /* PBXContainerItemProxy */;
		};
/* End PBXTargetDependency section */

/* Begin PBXVariantGroup section */
		37A8FF3829AD9908006BE0A6 /* Main.storyboard */ = {
			isa = PBXVariantGroup;
			children = (
				37A8FF3929AD9908006BE0A6 /* Base */,
			);
			name = Main.storyboard;
			sourceTree = "<group>";
		};
		37A8FF3D29AD9910006BE0A6 /* LaunchScreen.storyboard */ = {
			isa = PBXVariantGroup;
			children = (
				37A8FF3E29AD9910006BE0A6 /* Base */,
			);
			name = LaunchScreen.storyboard;
			sourceTree = "<group>";
		};
/* End PBXVariantGroup section */

/* Begin XCBuildConfiguration section */
		37A8FF5729AD9911006BE0A6 /* Debug */ = {
			isa = XCBuildConfiguration;
			buildSettings = {
				ALWAYS_SEARCH_USER_PATHS = NO;
				CLANG_ANALYZER_NONNULL = YES;
				CLANG_ANALYZER_NUMBER_OBJECT_CONVERSION = YES_AGGRESSIVE;
				CLANG_CXX_LANGUAGE_STANDARD = "gnu++17";
				CLANG_ENABLE_MODULES = YES;
				CLANG_ENABLE_OBJC_ARC = YES;
				CLANG_ENABLE_OBJC_WEAK = YES;
				CLANG_WARN_BLOCK_CAPTURE_AUTORELEASING = YES;
				CLANG_WARN_BOOL_CONVERSION = YES;
				CLANG_WARN_COMMA = YES;
				CLANG_WARN_CONSTANT_CONVERSION = YES;
				CLANG_WARN_DEPRECATED_OBJC_IMPLEMENTATIONS = YES;
				CLANG_WARN_DIRECT_OBJC_ISA_USAGE = YES_ERROR;
				CLANG_WARN_DOCUMENTATION_COMMENTS = YES;
				CLANG_WARN_EMPTY_BODY = YES;
				CLANG_WARN_ENUM_CONVERSION = YES;
				CLANG_WARN_INFINITE_RECURSION = YES;
				CLANG_WARN_INT_CONVERSION = YES;
				CLANG_WARN_NON_LITERAL_NULL_CONVERSION = YES;
				CLANG_WARN_OBJC_IMPLICIT_RETAIN_SELF = YES;
				CLANG_WARN_OBJC_LITERAL_CONVERSION = YES;
				CLANG_WARN_OBJC_ROOT_CLASS = YES_ERROR;
				CLANG_WARN_QUOTED_INCLUDE_IN_FRAMEWORK_HEADER = YES;
				CLANG_WARN_RANGE_LOOP_ANALYSIS = YES;
				CLANG_WARN_STRICT_PROTOTYPES = YES;
				CLANG_WARN_SUSPICIOUS_MOVE = YES;
				CLANG_WARN_UNGUARDED_AVAILABILITY = YES_AGGRESSIVE;
				CLANG_WARN_UNREACHABLE_CODE = YES;
				CLANG_WARN__DUPLICATE_METHOD_MATCH = YES;
				COPY_PHASE_STRIP = NO;
				DEBUG_INFORMATION_FORMAT = dwarf;
				ENABLE_STRICT_OBJC_MSGSEND = YES;
				ENABLE_TESTABILITY = YES;
				GCC_C_LANGUAGE_STANDARD = gnu11;
				GCC_DYNAMIC_NO_PIC = NO;
				GCC_NO_COMMON_BLOCKS = YES;
				GCC_OPTIMIZATION_LEVEL = 0;
				GCC_PREPROCESSOR_DEFINITIONS = (
					"DEBUG=1",
					"$(inherited)",
				);
				GCC_WARN_64_TO_32_BIT_CONVERSION = YES;
				GCC_WARN_ABOUT_RETURN_TYPE = YES_ERROR;
				GCC_WARN_UNDECLARED_SELECTOR = YES;
				GCC_WARN_UNINITIALIZED_AUTOS = YES_AGGRESSIVE;
				GCC_WARN_UNUSED_FUNCTION = YES;
				GCC_WARN_UNUSED_VARIABLE = YES;
				IPHONEOS_DEPLOYMENT_TARGET = 15.5;
				MTL_ENABLE_DEBUG_INFO = INCLUDE_SOURCE;
				MTL_FAST_MATH = YES;
				ONLY_ACTIVE_ARCH = YES;
				SDKROOT = iphoneos;
				SWIFT_ACTIVE_COMPILATION_CONDITIONS = DEBUG;
				SWIFT_OPTIMIZATION_LEVEL = "-Onone";
			};
			name = Debug;
		};
		37A8FF5829AD9911006BE0A6 /* Release */ = {
			isa = XCBuildConfiguration;
			buildSettings = {
				ALWAYS_SEARCH_USER_PATHS = NO;
				CLANG_ANALYZER_NONNULL = YES;
				CLANG_ANALYZER_NUMBER_OBJECT_CONVERSION = YES_AGGRESSIVE;
				CLANG_CXX_LANGUAGE_STANDARD = "gnu++17";
				CLANG_ENABLE_MODULES = YES;
				CLANG_ENABLE_OBJC_ARC = YES;
				CLANG_ENABLE_OBJC_WEAK = YES;
				CLANG_WARN_BLOCK_CAPTURE_AUTORELEASING = YES;
				CLANG_WARN_BOOL_CONVERSION = YES;
				CLANG_WARN_COMMA = YES;
				CLANG_WARN_CONSTANT_CONVERSION = YES;
				CLANG_WARN_DEPRECATED_OBJC_IMPLEMENTATIONS = YES;
				CLANG_WARN_DIRECT_OBJC_ISA_USAGE = YES_ERROR;
				CLANG_WARN_DOCUMENTATION_COMMENTS = YES;
				CLANG_WARN_EMPTY_BODY = YES;
				CLANG_WARN_ENUM_CONVERSION = YES;
				CLANG_WARN_INFINITE_RECURSION = YES;
				CLANG_WARN_INT_CONVERSION = YES;
				CLANG_WARN_NON_LITERAL_NULL_CONVERSION = YES;
				CLANG_WARN_OBJC_IMPLICIT_RETAIN_SELF = YES;
				CLANG_WARN_OBJC_LITERAL_CONVERSION = YES;
				CLANG_WARN_OBJC_ROOT_CLASS = YES_ERROR;
				CLANG_WARN_QUOTED_INCLUDE_IN_FRAMEWORK_HEADER = YES;
				CLANG_WARN_RANGE_LOOP_ANALYSIS = YES;
				CLANG_WARN_STRICT_PROTOTYPES = YES;
				CLANG_WARN_SUSPICIOUS_MOVE = YES;
				CLANG_WARN_UNGUARDED_AVAILABILITY = YES_AGGRESSIVE;
				CLANG_WARN_UNREACHABLE_CODE = YES;
				CLANG_WARN__DUPLICATE_METHOD_MATCH = YES;
				COPY_PHASE_STRIP = NO;
				DEBUG_INFORMATION_FORMAT = "dwarf-with-dsym";
				ENABLE_NS_ASSERTIONS = NO;
				ENABLE_STRICT_OBJC_MSGSEND = YES;
				GCC_C_LANGUAGE_STANDARD = gnu11;
				GCC_NO_COMMON_BLOCKS = YES;
				GCC_WARN_64_TO_32_BIT_CONVERSION = YES;
				GCC_WARN_ABOUT_RETURN_TYPE = YES_ERROR;
				GCC_WARN_UNDECLARED_SELECTOR = YES;
				GCC_WARN_UNINITIALIZED_AUTOS = YES_AGGRESSIVE;
				GCC_WARN_UNUSED_FUNCTION = YES;
				GCC_WARN_UNUSED_VARIABLE = YES;
				IPHONEOS_DEPLOYMENT_TARGET = 15.5;
				MTL_ENABLE_DEBUG_INFO = NO;
				MTL_FAST_MATH = YES;
				SDKROOT = iphoneos;
				SWIFT_COMPILATION_MODE = wholemodule;
				SWIFT_OPTIMIZATION_LEVEL = "-O";
				VALIDATE_PRODUCT = YES;
			};
			name = Release;
		};
		37A8FF5A29AD9911006BE0A6 /* Debug */ = {
			isa = XCBuildConfiguration;
			buildSettings = {
				ASSETCATALOG_COMPILER_APPICON_NAME = AppIcon;
				ASSETCATALOG_COMPILER_GLOBAL_ACCENT_COLOR_NAME = AccentColor;
				CODE_SIGN_STYLE = Automatic;
				CURRENT_PROJECT_VERSION = 1;
				GENERATE_INFOPLIST_FILE = YES;
				INFOPLIST_FILE = practice/Info.plist;
				INFOPLIST_KEY_CFBundleDisplayName = practice;
				INFOPLIST_KEY_UIApplicationSupportsIndirectInputEvents = YES;
				INFOPLIST_KEY_UILaunchStoryboardName = LaunchScreen;
				INFOPLIST_KEY_UIMainStoryboardFile = Main;
				INFOPLIST_KEY_UISupportedInterfaceOrientations_iPad = "UIInterfaceOrientationPortrait UIInterfaceOrientationPortraitUpsideDown UIInterfaceOrientationLandscapeLeft UIInterfaceOrientationLandscapeRight";
				INFOPLIST_KEY_UISupportedInterfaceOrientations_iPhone = "UIInterfaceOrientationPortrait UIInterfaceOrientationLandscapeLeft UIInterfaceOrientationLandscapeRight";
				LD_RUNPATH_SEARCH_PATHS = (
					"$(inherited)",
					"@executable_path/Frameworks",
				);
				MARKETING_VERSION = 1.0;
				PRODUCT_BUNDLE_IDENTIFIER = nwmissouri.edu.practice;
				PRODUCT_NAME = "$(TARGET_NAME)";
				SWIFT_EMIT_LOC_STRINGS = YES;
				SWIFT_VERSION = 5.0;
				TARGETED_DEVICE_FAMILY = "1,2";
			};
			name = Debug;
		};
		37A8FF5B29AD9911006BE0A6 /* Release */ = {
			isa = XCBuildConfiguration;
			buildSettings = {
				ASSETCATALOG_COMPILER_APPICON_NAME = AppIcon;
				ASSETCATALOG_COMPILER_GLOBAL_ACCENT_COLOR_NAME = AccentColor;
				CODE_SIGN_STYLE = Automatic;
				CURRENT_PROJECT_VERSION = 1;
				GENERATE_INFOPLIST_FILE = YES;
				INFOPLIST_FILE = practice/Info.plist;
				INFOPLIST_KEY_CFBundleDisplayName = practice;
				INFOPLIST_KEY_UIApplicationSupportsIndirectInputEvents = YES;
				INFOPLIST_KEY_UILaunchStoryboardName = LaunchScreen;
				INFOPLIST_KEY_UIMainStoryboardFile = Main;
				INFOPLIST_KEY_UISupportedInterfaceOrientations_iPad = "UIInterfaceOrientationPortrait UIInterfaceOrientationPortraitUpsideDown UIInterfaceOrientationLandscapeLeft UIInterfaceOrientationLandscapeRight";
				INFOPLIST_KEY_UISupportedInterfaceOrientations_iPhone = "UIInterfaceOrientationPortrait UIInterfaceOrientationLandscapeLeft UIInterfaceOrientationLandscapeRight";
				LD_RUNPATH_SEARCH_PATHS = (
					"$(inherited)",
					"@executable_path/Frameworks",
				);
				MARKETING_VERSION = 1.0;
				PRODUCT_BUNDLE_IDENTIFIER = nwmissouri.edu.practice;
				PRODUCT_NAME = "$(TARGET_NAME)";
				SWIFT_EMIT_LOC_STRINGS = YES;
				SWIFT_VERSION = 5.0;
				TARGETED_DEVICE_FAMILY = "1,2";
			};
			name = Release;
		};
		37A8FF5D29AD9911006BE0A6 /* Debug */ = {
			isa = XCBuildConfiguration;
			buildSettings = {
				ALWAYS_EMBED_SWIFT_STANDARD_LIBRARIES = YES;
				BUNDLE_LOADER = "$(TEST_HOST)";
				CODE_SIGN_STYLE = Automatic;
				CURRENT_PROJECT_VERSION = 1;
				GENERATE_INFOPLIST_FILE = YES;
				IPHONEOS_DEPLOYMENT_TARGET = 15.5;
				MARKETING_VERSION = 1.0;
				PRODUCT_BUNDLE_IDENTIFIER = nwmissouri.edu.practiceTests;
				PRODUCT_NAME = "$(TARGET_NAME)";
				SWIFT_EMIT_LOC_STRINGS = NO;
				SWIFT_VERSION = 5.0;
				TARGETED_DEVICE_FAMILY = "1,2";
				TEST_HOST = "$(BUILT_PRODUCTS_DIR)/practice.app/practice";
			};
			name = Debug;
		};
		37A8FF5E29AD9911006BE0A6 /* Release */ = {
			isa = XCBuildConfiguration;
			buildSettings = {
				ALWAYS_EMBED_SWIFT_STANDARD_LIBRARIES = YES;
				BUNDLE_LOADER = "$(TEST_HOST)";
				CODE_SIGN_STYLE = Automatic;
				CURRENT_PROJECT_VERSION = 1;
				GENERATE_INFOPLIST_FILE = YES;
				IPHONEOS_DEPLOYMENT_TARGET = 15.5;
				MARKETING_VERSION = 1.0;
				PRODUCT_BUNDLE_IDENTIFIER = nwmissouri.edu.practiceTests;
				PRODUCT_NAME = "$(TARGET_NAME)";
				SWIFT_EMIT_LOC_STRINGS = NO;
				SWIFT_VERSION = 5.0;
				TARGETED_DEVICE_FAMILY = "1,2";
				TEST_HOST = "$(BUILT_PRODUCTS_DIR)/practice.app/practice";
			};
			name = Release;
		};
		37A8FF6029AD9911006BE0A6 /* Debug */ = {
			isa = XCBuildConfiguration;
			buildSettings = {
				ALWAYS_EMBED_SWIFT_STANDARD_LIBRARIES = YES;
				CODE_SIGN_STYLE = Automatic;
				CURRENT_PROJECT_VERSION = 1;
				GENERATE_INFOPLIST_FILE = YES;
				MARKETING_VERSION = 1.0;
				PRODUCT_BUNDLE_IDENTIFIER = nwmissouri.edu.practiceUITests;
				PRODUCT_NAME = "$(TARGET_NAME)";
				SWIFT_EMIT_LOC_STRINGS = NO;
				SWIFT_VERSION = 5.0;
				TARGETED_DEVICE_FAMILY = "1,2";
				TEST_TARGET_NAME = practice;
			};
			name = Debug;
		};
		37A8FF6129AD9911006BE0A6 /* Release */ = {
			isa = XCBuildConfiguration;
			buildSettings = {
				ALWAYS_EMBED_SWIFT_STANDARD_LIBRARIES = YES;
				CODE_SIGN_STYLE = Automatic;
				CURRENT_PROJECT_VERSION = 1;
				GENERATE_INFOPLIST_FILE = YES;
				MARKETING_VERSION = 1.0;
				PRODUCT_BUNDLE_IDENTIFIER = nwmissouri.edu.practiceUITests;
				PRODUCT_NAME = "$(TARGET_NAME)";
				SWIFT_EMIT_LOC_STRINGS = NO;
				SWIFT_VERSION = 5.0;
				TARGETED_DEVICE_FAMILY = "1,2";
				TEST_TARGET_NAME = practice;
			};
			name = Release;
		};
/* End XCBuildConfiguration section */

/* Begin XCConfigurationList section */
		37A8FF2A29AD9908006BE0A6 /* Build configuration list for PBXProject "practice" */ = {
			isa = XCConfigurationList;
			buildConfigurations = (
				37A8FF5729AD9911006BE0A6 /* Debug */,
				37A8FF5829AD9911006BE0A6 /* Release */,
			);
			defaultConfigurationIsVisible = 0;
			defaultConfigurationName = Release;
		};
		37A8FF5929AD9911006BE0A6 /* Build configuration list for PBXNativeTarget "practice" */ = {
			isa = XCConfigurationList;
			buildConfigurations = (
				37A8FF5A29AD9911006BE0A6 /* Debug */,
				37A8FF5B29AD9911006BE0A6 /* Release */,
			);
			defaultConfigurationIsVisible = 0;
			defaultConfigurationName = Release;
		};
		37A8FF5C29AD9911006BE0A6 /* Build configuration list for PBXNativeTarget "practiceTests" */ = {
			isa = XCConfigurationList;
			buildConfigurations = (
				37A8FF5D29AD9911006BE0A6 /* Debug */,
				37A8FF5E29AD9911006BE0A6 /* Release */,
			);
			defaultConfigurationIsVisible = 0;
			defaultConfigurationName = Release;
		};
		37A8FF5F29AD9911006BE0A6 /* Build configuration list for PBXNativeTarget "practiceUITests" */ = {
			isa = XCConfigurationList;
			buildConfigurations = (
				37A8FF6029AD9911006BE0A6 /* Debug */,
				37A8FF6129AD9911006BE0A6 /* Release */,
			);
			defaultConfigurationIsVisible = 0;
			defaultConfigurationName = Release;
		};
/* End XCConfigurationList section */
	};
	rootObject = 37A8FF2729AD9908006BE0A6 /* Project object */;
}
