// !$*UTF8*$!
{
	archiveVersion = 1;
	classes = {
	};
	objectVersion = 55;
	objects = {

/* Begin PBXBuildFile section */
		3761D87129D347C6008A17E2 /* AppDelegate.swift in Sources */ = {isa = PBXBuildFile; fileRef = 3761D87029D347C6008A17E2 /* AppDelegate.swift */; };
		3761D87329D347C6008A17E2 /* SceneDelegate.swift in Sources */ = {isa = PBXBuildFile; fileRef = 3761D87229D347C6008A17E2 /* SceneDelegate.swift */; };
		3761D87529D347C6008A17E2 /* ViewController.swift in Sources */ = {isa = PBXBuildFile; fileRef = 3761D87429D347C6008A17E2 /* ViewController.swift */; };
		3761D87829D347C6008A17E2 /* Main.storyboard in Resources */ = {isa = PBXBuildFile; fileRef = 3761D87629D347C6008A17E2 /* Main.storyboard */; };
		3761D87A29D347CA008A17E2 /* Assets.xcassets in Resources */ = {isa = PBXBuildFile; fileRef = 3761D87929D347CA008A17E2 /* Assets.xcassets */; };
		3761D87D29D347CA008A17E2 /* LaunchScreen.storyboard in Resources */ = {isa = PBXBuildFile; fileRef = 3761D87B29D347CA008A17E2 /* LaunchScreen.storyboard */; };
		3761D88829D347CA008A17E2 /* Pittu_WordGuessTests.swift in Sources */ = {isa = PBXBuildFile; fileRef = 3761D88729D347CA008A17E2 /* Pittu_WordGuessTests.swift */; };
		3761D89229D347CA008A17E2 /* Pittu_WordGuessUITests.swift in Sources */ = {isa = PBXBuildFile; fileRef = 3761D89129D347CA008A17E2 /* Pittu_WordGuessUITests.swift */; };
		3761D89429D347CA008A17E2 /* Pittu_WordGuessUITestsLaunchTests.swift in Sources */ = {isa = PBXBuildFile; fileRef = 3761D89329D347CA008A17E2 /* Pittu_WordGuessUITestsLaunchTests.swift */; };
/* End PBXBuildFile section */

/* Begin PBXContainerItemProxy section */
		3761D88429D347CA008A17E2 /* PBXContainerItemProxy */ = {
			isa = PBXContainerItemProxy;
			containerPortal = 3761D86529D347C6008A17E2 /* Project object */;
			proxyType = 1;
			remoteGlobalIDString = 3761D86C29D347C6008A17E2;
			remoteInfo = Pittu_WordGuess;
		};
		3761D88E29D347CA008A17E2 /* PBXContainerItemProxy */ = {
			isa = PBXContainerItemProxy;
			containerPortal = 3761D86529D347C6008A17E2 /* Project object */;
			proxyType = 1;
			remoteGlobalIDString = 3761D86C29D347C6008A17E2;
			remoteInfo = Pittu_WordGuess;
		};
/* End PBXContainerItemProxy section */

/* Begin PBXFileReference section */
		3761D86D29D347C6008A17E2 /* Pittu_WordGuess.app */ = {isa = PBXFileReference; explicitFileType = wrapper.application; includeInIndex = 0; path = Pittu_WordGuess.app; sourceTree = BUILT_PRODUCTS_DIR; };
		3761D87029D347C6008A17E2 /* AppDelegate.swift */ = {isa = PBXFileReference; lastKnownFileType = sourcecode.swift; path = AppDelegate.swift; sourceTree = "<group>"; };
		3761D87229D347C6008A17E2 /* SceneDelegate.swift */ = {isa = PBXFileReference; lastKnownFileType = sourcecode.swift; path = SceneDelegate.swift; sourceTree = "<group>"; };
		3761D87429D347C6008A17E2 /* ViewController.swift */ = {isa = PBXFileReference; lastKnownFileType = sourcecode.swift; path = ViewController.swift; sourceTree = "<group>"; };
		3761D87729D347C6008A17E2 /* Base */ = {isa = PBXFileReference; lastKnownFileType = file.storyboard; name = Base; path = Base.lproj/Main.storyboard; sourceTree = "<group>"; };
		3761D87929D347CA008A17E2 /* Assets.xcassets */ = {isa = PBXFileReference; lastKnownFileType = folder.assetcatalog; path = Assets.xcassets; sourceTree = "<group>"; };
		3761D87C29D347CA008A17E2 /* Base */ = {isa = PBXFileReference; lastKnownFileType = file.storyboard; name = Base; path = Base.lproj/LaunchScreen.storyboard; sourceTree = "<group>"; };
		3761D87E29D347CA008A17E2 /* Info.plist */ = {isa = PBXFileReference; lastKnownFileType = text.plist.xml; path = Info.plist; sourceTree = "<group>"; };
		3761D88329D347CA008A17E2 /* Pittu_WordGuessTests.xctest */ = {isa = PBXFileReference; explicitFileType = wrapper.cfbundle; includeInIndex = 0; path = Pittu_WordGuessTests.xctest; sourceTree = BUILT_PRODUCTS_DIR; };
		3761D88729D347CA008A17E2 /* Pittu_WordGuessTests.swift */ = {isa = PBXFileReference; lastKnownFileType = sourcecode.swift; path = Pittu_WordGuessTests.swift; sourceTree = "<group>"; };
		3761D88D29D347CA008A17E2 /* Pittu_WordGuessUITests.xctest */ = {isa = PBXFileReference; explicitFileType = wrapper.cfbundle; includeInIndex = 0; path = Pittu_WordGuessUITests.xctest; sourceTree = BUILT_PRODUCTS_DIR; };
		3761D89129D347CA008A17E2 /* Pittu_WordGuessUITests.swift */ = {isa = PBXFileReference; lastKnownFileType = sourcecode.swift; path = Pittu_WordGuessUITests.swift; sourceTree = "<group>"; };
		3761D89329D347CA008A17E2 /* Pittu_WordGuessUITestsLaunchTests.swift */ = {isa = PBXFileReference; lastKnownFileType = sourcecode.swift; path = Pittu_WordGuessUITestsLaunchTests.swift; sourceTree = "<group>"; };
/* End PBXFileReference section */

/* Begin PBXFrameworksBuildPhase section */
		3761D86A29D347C6008A17E2 /* Frameworks */ = {
			isa = PBXFrameworksBuildPhase;
			buildActionMask = 2147483647;
			files = (
			);
			runOnlyForDeploymentPostprocessing = 0;
		};
		3761D88029D347CA008A17E2 /* Frameworks */ = {
			isa = PBXFrameworksBuildPhase;
			buildActionMask = 2147483647;
			files = (
			);
			runOnlyForDeploymentPostprocessing = 0;
		};
		3761D88A29D347CA008A17E2 /* Frameworks */ = {
			isa = PBXFrameworksBuildPhase;
			buildActionMask = 2147483647;
			files = (
			);
			runOnlyForDeploymentPostprocessing = 0;
		};
/* End PBXFrameworksBuildPhase section */

/* Begin PBXGroup section */
		3761D86429D347C6008A17E2 = {
			isa = PBXGroup;
			children = (
				3761D86F29D347C6008A17E2 /* Pittu_WordGuess */,
				3761D88629D347CA008A17E2 /* Pittu_WordGuessTests */,
				3761D89029D347CA008A17E2 /* Pittu_WordGuessUITests */,
				3761D86E29D347C6008A17E2 /* Products */,
			);
			sourceTree = "<group>";
		};
		3761D86E29D347C6008A17E2 /* Products */ = {
			isa = PBXGroup;
			children = (
				3761D86D29D347C6008A17E2 /* Pittu_WordGuess.app */,
				3761D88329D347CA008A17E2 /* Pittu_WordGuessTests.xctest */,
				3761D88D29D347CA008A17E2 /* Pittu_WordGuessUITests.xctest */,
			);
			name = Products;
			sourceTree = "<group>";
		};
		3761D86F29D347C6008A17E2 /* Pittu_WordGuess */ = {
			isa = PBXGroup;
			children = (
				3761D87029D347C6008A17E2 /* AppDelegate.swift */,
				3761D87229D347C6008A17E2 /* SceneDelegate.swift */,
				3761D87429D347C6008A17E2 /* ViewController.swift */,
				3761D87629D347C6008A17E2 /* Main.storyboard */,
				3761D87929D347CA008A17E2 /* Assets.xcassets */,
				3761D87B29D347CA008A17E2 /* LaunchScreen.storyboard */,
				3761D87E29D347CA008A17E2 /* Info.plist */,
			);
			path = Pittu_WordGuess;
			sourceTree = "<group>";
		};
		3761D88629D347CA008A17E2 /* Pittu_WordGuessTests */ = {
			isa = PBXGroup;
			children = (
				3761D88729D347CA008A17E2 /* Pittu_WordGuessTests.swift */,
			);
			path = Pittu_WordGuessTests;
			sourceTree = "<group>";
		};
		3761D89029D347CA008A17E2 /* Pittu_WordGuessUITests */ = {
			isa = PBXGroup;
			children = (
				3761D89129D347CA008A17E2 /* Pittu_WordGuessUITests.swift */,
				3761D89329D347CA008A17E2 /* Pittu_WordGuessUITestsLaunchTests.swift */,
			);
			path = Pittu_WordGuessUITests;
			sourceTree = "<group>";
		};
/* End PBXGroup section */

/* Begin PBXNativeTarget section */
		3761D86C29D347C6008A17E2 /* Pittu_WordGuess */ = {
			isa = PBXNativeTarget;
			buildConfigurationList = 3761D89729D347CA008A17E2 /* Build configuration list for PBXNativeTarget "Pittu_WordGuess" */;
			buildPhases = (
				3761D86929D347C6008A17E2 /* Sources */,
				3761D86A29D347C6008A17E2 /* Frameworks */,
				3761D86B29D347C6008A17E2 /* Resources */,
			);
			buildRules = (
			);
			dependencies = (
			);
			name = Pittu_WordGuess;
			productName = Pittu_WordGuess;
			productReference = 3761D86D29D347C6008A17E2 /* Pittu_WordGuess.app */;
			productType = "com.apple.product-type.application";
		};
		3761D88229D347CA008A17E2 /* Pittu_WordGuessTests */ = {
			isa = PBXNativeTarget;
			buildConfigurationList = 3761D89A29D347CA008A17E2 /* Build configuration list for PBXNativeTarget "Pittu_WordGuessTests" */;
			buildPhases = (
				3761D87F29D347CA008A17E2 /* Sources */,
				3761D88029D347CA008A17E2 /* Frameworks */,
				3761D88129D347CA008A17E2 /* Resources */,
			);
			buildRules = (
			);
			dependencies = (
				3761D88529D347CA008A17E2 /* PBXTargetDependency */,
			);
			name = Pittu_WordGuessTests;
			productName = Pittu_WordGuessTests;
			productReference = 3761D88329D347CA008A17E2 /* Pittu_WordGuessTests.xctest */;
			productType = "com.apple.product-type.bundle.unit-test";
		};
		3761D88C29D347CA008A17E2 /* Pittu_WordGuessUITests */ = {
			isa = PBXNativeTarget;
			buildConfigurationList = 3761D89D29D347CA008A17E2 /* Build configuration list for PBXNativeTarget "Pittu_WordGuessUITests" */;
			buildPhases = (
				3761D88929D347CA008A17E2 /* Sources */,
				3761D88A29D347CA008A17E2 /* Frameworks */,
				3761D88B29D347CA008A17E2 /* Resources */,
			);
			buildRules = (
			);
			dependencies = (
				3761D88F29D347CA008A17E2 /* PBXTargetDependency */,
			);
			name = Pittu_WordGuessUITests;
			productName = Pittu_WordGuessUITests;
			productReference = 3761D88D29D347CA008A17E2 /* Pittu_WordGuessUITests.xctest */;
			productType = "com.apple.product-type.bundle.ui-testing";
		};
/* End PBXNativeTarget section */

/* Begin PBXProject section */
		3761D86529D347C6008A17E2 /* Project object */ = {
			isa = PBXProject;
			attributes = {
				BuildIndependentTargetsInParallel = 1;
				LastSwiftUpdateCheck = 1340;
				LastUpgradeCheck = 1340;
				TargetAttributes = {
					3761D86C29D347C6008A17E2 = {
						CreatedOnToolsVersion = 13.4.1;
					};
					3761D88229D347CA008A17E2 = {
						CreatedOnToolsVersion = 13.4.1;
						TestTargetID = 3761D86C29D347C6008A17E2;
					};
					3761D88C29D347CA008A17E2 = {
						CreatedOnToolsVersion = 13.4.1;
						TestTargetID = 3761D86C29D347C6008A17E2;
					};
				};
			};
			buildConfigurationList = 3761D86829D347C6008A17E2 /* Build configuration list for PBXProject "Pittu_WordGuess" */;
			compatibilityVersion = "Xcode 13.0";
			developmentRegion = en;
			hasScannedForEncodings = 0;
			knownRegions = (
				en,
				Base,
			);
			mainGroup = 3761D86429D347C6008A17E2;
			productRefGroup = 3761D86E29D347C6008A17E2 /* Products */;
			projectDirPath = "";
			projectRoot = "";
			targets = (
				3761D86C29D347C6008A17E2 /* Pittu_WordGuess */,
				3761D88229D347CA008A17E2 /* Pittu_WordGuessTests */,
				3761D88C29D347CA008A17E2 /* Pittu_WordGuessUITests */,
			);
		};
/* End PBXProject section */

/* Begin PBXResourcesBuildPhase section */
		3761D86B29D347C6008A17E2 /* Resources */ = {
			isa = PBXResourcesBuildPhase;
			buildActionMask = 2147483647;
			files = (
				3761D87D29D347CA008A17E2 /* LaunchScreen.storyboard in Resources */,
				3761D87A29D347CA008A17E2 /* Assets.xcassets in Resources */,
				3761D87829D347C6008A17E2 /* Main.storyboard in Resources */,
			);
			runOnlyForDeploymentPostprocessing = 0;
		};
		3761D88129D347CA008A17E2 /* Resources */ = {
			isa = PBXResourcesBuildPhase;
			buildActionMask = 2147483647;
			files = (
			);
			runOnlyForDeploymentPostprocessing = 0;
		};
		3761D88B29D347CA008A17E2 /* Resources */ = {
			isa = PBXResourcesBuildPhase;
			buildActionMask = 2147483647;
			files = (
			);
			runOnlyForDeploymentPostprocessing = 0;
		};
/* End PBXResourcesBuildPhase section */

/* Begin PBXSourcesBuildPhase section */
		3761D86929D347C6008A17E2 /* Sources */ = {
			isa = PBXSourcesBuildPhase;
			buildActionMask = 2147483647;
			files = (
				3761D87529D347C6008A17E2 /* ViewController.swift in Sources */,
				3761D87129D347C6008A17E2 /* AppDelegate.swift in Sources */,
				3761D87329D347C6008A17E2 /* SceneDelegate.swift in Sources */,
			);
			runOnlyForDeploymentPostprocessing = 0;
		};
		3761D87F29D347CA008A17E2 /* Sources */ = {
			isa = PBXSourcesBuildPhase;
			buildActionMask = 2147483647;
			files = (
				3761D88829D347CA008A17E2 /* Pittu_WordGuessTests.swift in Sources */,
			);
			runOnlyForDeploymentPostprocessing = 0;
		};
		3761D88929D347CA008A17E2 /* Sources */ = {
			isa = PBXSourcesBuildPhase;
			buildActionMask = 2147483647;
			files = (
				3761D89229D347CA008A17E2 /* Pittu_WordGuessUITests.swift in Sources */,
				3761D89429D347CA008A17E2 /* Pittu_WordGuessUITestsLaunchTests.swift in Sources */,
			);
			runOnlyForDeploymentPostprocessing = 0;
		};
/* End PBXSourcesBuildPhase section */

/* Begin PBXTargetDependency section */
		3761D88529D347CA008A17E2 /* PBXTargetDependency */ = {
			isa = PBXTargetDependency;
			target = 3761D86C29D347C6008A17E2 /* Pittu_WordGuess */;
			targetProxy = 3761D88429D347CA008A17E2 /* PBXContainerItemProxy */;
		};
		3761D88F29D347CA008A17E2 /* PBXTargetDependency */ = {
			isa = PBXTargetDependency;
			target = 3761D86C29D347C6008A17E2 /* Pittu_WordGuess */;
			targetProxy = 3761D88E29D347CA008A17E2 /* PBXContainerItemProxy */;
		};
/* End PBXTargetDependency section */

/* Begin PBXVariantGroup section */
		3761D87629D347C6008A17E2 /* Main.storyboard */ = {
			isa = PBXVariantGroup;
			children = (
				3761D87729D347C6008A17E2 /* Base */,
			);
			name = Main.storyboard;
			sourceTree = "<group>";
		};
		3761D87B29D347CA008A17E2 /* LaunchScreen.storyboard */ = {
			isa = PBXVariantGroup;
			children = (
				3761D87C29D347CA008A17E2 /* Base */,
			);
			name = LaunchScreen.storyboard;
			sourceTree = "<group>";
		};
/* End PBXVariantGroup section */

/* Begin XCBuildConfiguration section */
		3761D89529D347CA008A17E2 /* Debug */ = {
			isa = XCBuildConfiguration;
			buildSettings = {
				ALWAYS_SEARCH_USER_PATHS = NO;
				CLANG_ANALYZER_NONNULL = YES;
				CLANG_ANALYZER_NUMBER_OBJECT_CONVERSION = YES_AGGRESSIVE;
				CLANG_CXX_LANGUAGE_STANDARD = "gnu++17";
				CLANG_ENABLE_MODULES = YES;
				CLANG_ENABLE_OBJC_ARC = YES;
				CLANG_ENABLE_OBJC_WEAK = YES;
				CLANG_WARN_BLOCK_CAPTURE_AUTORELEASING = YES;
				CLANG_WARN_BOOL_CONVERSION = YES;
				CLANG_WARN_COMMA = YES;
				CLANG_WARN_CONSTANT_CONVERSION = YES;
				CLANG_WARN_DEPRECATED_OBJC_IMPLEMENTATIONS = YES;
				CLANG_WARN_DIRECT_OBJC_ISA_USAGE = YES_ERROR;
				CLANG_WARN_DOCUMENTATION_COMMENTS = YES;
				CLANG_WARN_EMPTY_BODY = YES;
				CLANG_WARN_ENUM_CONVERSION = YES;
				CLANG_WARN_INFINITE_RECURSION = YES;
				CLANG_WARN_INT_CONVERSION = YES;
				CLANG_WARN_NON_LITERAL_NULL_CONVERSION = YES;
				CLANG_WARN_OBJC_IMPLICIT_RETAIN_SELF = YES;
				CLANG_WARN_OBJC_LITERAL_CONVERSION = YES;
				CLANG_WARN_OBJC_ROOT_CLASS = YES_ERROR;
				CLANG_WARN_QUOTED_INCLUDE_IN_FRAMEWORK_HEADER = YES;
				CLANG_WARN_RANGE_LOOP_ANALYSIS = YES;
				CLANG_WARN_STRICT_PROTOTYPES = YES;
				CLANG_WARN_SUSPICIOUS_MOVE = YES;
				CLANG_WARN_UNGUARDED_AVAILABILITY = YES_AGGRESSIVE;
				CLANG_WARN_UNREACHABLE_CODE = YES;
				CLANG_WARN__DUPLICATE_METHOD_MATCH = YES;
				COPY_PHASE_STRIP = NO;
				DEBUG_INFORMATION_FORMAT = dwarf;
				ENABLE_STRICT_OBJC_MSGSEND = YES;
				ENABLE_TESTABILITY = YES;
				GCC_C_LANGUAGE_STANDARD = gnu11;
				GCC_DYNAMIC_NO_PIC = NO;
				GCC_NO_COMMON_BLOCKS = YES;
				GCC_OPTIMIZATION_LEVEL = 0;
				GCC_PREPROCESSOR_DEFINITIONS = (
					"DEBUG=1",
					"$(inherited)",
				);
				GCC_WARN_64_TO_32_BIT_CONVERSION = YES;
				GCC_WARN_ABOUT_RETURN_TYPE = YES_ERROR;
				GCC_WARN_UNDECLARED_SELECTOR = YES;
				GCC_WARN_UNINITIALIZED_AUTOS = YES_AGGRESSIVE;
				GCC_WARN_UNUSED_FUNCTION = YES;
				GCC_WARN_UNUSED_VARIABLE = YES;
				IPHONEOS_DEPLOYMENT_TARGET = 15.5;
				MTL_ENABLE_DEBUG_INFO = INCLUDE_SOURCE;
				MTL_FAST_MATH = YES;
				ONLY_ACTIVE_ARCH = YES;
				SDKROOT = iphoneos;
				SWIFT_ACTIVE_COMPILATION_CONDITIONS = DEBUG;
				SWIFT_OPTIMIZATION_LEVEL = "-Onone";
			};
			name = Debug;
		};
		3761D89629D347CA008A17E2 /* Release */ = {
			isa = XCBuildConfiguration;
			buildSettings = {
				ALWAYS_SEARCH_USER_PATHS = NO;
				CLANG_ANALYZER_NONNULL = YES;
				CLANG_ANALYZER_NUMBER_OBJECT_CONVERSION = YES_AGGRESSIVE;
				CLANG_CXX_LANGUAGE_STANDARD = "gnu++17";
				CLANG_ENABLE_MODULES = YES;
				CLANG_ENABLE_OBJC_ARC = YES;
				CLANG_ENABLE_OBJC_WEAK = YES;
				CLANG_WARN_BLOCK_CAPTURE_AUTORELEASING = YES;
				CLANG_WARN_BOOL_CONVERSION = YES;
				CLANG_WARN_COMMA = YES;
				CLANG_WARN_CONSTANT_CONVERSION = YES;
				CLANG_WARN_DEPRECATED_OBJC_IMPLEMENTATIONS = YES;
				CLANG_WARN_DIRECT_OBJC_ISA_USAGE = YES_ERROR;
				CLANG_WARN_DOCUMENTATION_COMMENTS = YES;
				CLANG_WARN_EMPTY_BODY = YES;
				CLANG_WARN_ENUM_CONVERSION = YES;
				CLANG_WARN_INFINITE_RECURSION = YES;
				CLANG_WARN_INT_CONVERSION = YES;
				CLANG_WARN_NON_LITERAL_NULL_CONVERSION = YES;
				CLANG_WARN_OBJC_IMPLICIT_RETAIN_SELF = YES;
				CLANG_WARN_OBJC_LITERAL_CONVERSION = YES;
				CLANG_WARN_OBJC_ROOT_CLASS = YES_ERROR;
				CLANG_WARN_QUOTED_INCLUDE_IN_FRAMEWORK_HEADER = YES;
				CLANG_WARN_RANGE_LOOP_ANALYSIS = YES;
				CLANG_WARN_STRICT_PROTOTYPES = YES;
				CLANG_WARN_SUSPICIOUS_MOVE = YES;
				CLANG_WARN_UNGUARDED_AVAILABILITY = YES_AGGRESSIVE;
				CLANG_WARN_UNREACHABLE_CODE = YES;
				CLANG_WARN__DUPLICATE_METHOD_MATCH = YES;
				COPY_PHASE_STRIP = NO;
				DEBUG_INFORMATION_FORMAT = "dwarf-with-dsym";
				ENABLE_NS_ASSERTIONS = NO;
				ENABLE_STRICT_OBJC_MSGSEND = YES;
				GCC_C_LANGUAGE_STANDARD = gnu11;
				GCC_NO_COMMON_BLOCKS = YES;
				GCC_WARN_64_TO_32_BIT_CONVERSION = YES;
				GCC_WARN_ABOUT_RETURN_TYPE = YES_ERROR;
				GCC_WARN_UNDECLARED_SELECTOR = YES;
				GCC_WARN_UNINITIALIZED_AUTOS = YES_AGGRESSIVE;
				GCC_WARN_UNUSED_FUNCTION = YES;
				GCC_WARN_UNUSED_VARIABLE = YES;
				IPHONEOS_DEPLOYMENT_TARGET = 15.5;
				MTL_ENABLE_DEBUG_INFO = NO;
				MTL_FAST_MATH = YES;
				SDKROOT = iphoneos;
				SWIFT_COMPILATION_MODE = wholemodule;
				SWIFT_OPTIMIZATION_LEVEL = "-O";
				VALIDATE_PRODUCT = YES;
			};
			name = Release;
		};
		3761D89829D347CA008A17E2 /* Debug */ = {
			isa = XCBuildConfiguration;
			buildSettings = {
				ASSETCATALOG_COMPILER_APPICON_NAME = AppIcon;
				ASSETCATALOG_COMPILER_GLOBAL_ACCENT_COLOR_NAME = AccentColor;
				CODE_SIGN_STYLE = Automatic;
				CURRENT_PROJECT_VERSION = 1;
				GENERATE_INFOPLIST_FILE = YES;
				INFOPLIST_FILE = Pittu_WordGuess/Info.plist;
				INFOPLIST_KEY_CFBundleDisplayName = Pittu_WordGuess;
				INFOPLIST_KEY_UIApplicationSupportsIndirectInputEvents = YES;
				INFOPLIST_KEY_UILaunchStoryboardName = LaunchScreen;
				INFOPLIST_KEY_UIMainStoryboardFile = Main;
				INFOPLIST_KEY_UISupportedInterfaceOrientations_iPad = "UIInterfaceOrientationPortrait UIInterfaceOrientationPortraitUpsideDown UIInterfaceOrientationLandscapeLeft UIInterfaceOrientationLandscapeRight";
				INFOPLIST_KEY_UISupportedInterfaceOrientations_iPhone = "UIInterfaceOrientationPortrait UIInterfaceOrientationLandscapeLeft UIInterfaceOrientationLandscapeRight";
				LD_RUNPATH_SEARCH_PATHS = (
					"$(inherited)",
					"@executable_path/Frameworks",
				);
				MARKETING_VERSION = 1.0;
				PRODUCT_BUNDLE_IDENTIFIER = "nwmsu.Pittu-WordGuess";
				PRODUCT_NAME = "$(TARGET_NAME)";
				SWIFT_EMIT_LOC_STRINGS = YES;
				SWIFT_VERSION = 5.0;
				TARGETED_DEVICE_FAMILY = "1,2";
			};
			name = Debug;
		};
		3761D89929D347CA008A17E2 /* Release */ = {
			isa = XCBuildConfiguration;
			buildSettings = {
				ASSETCATALOG_COMPILER_APPICON_NAME = AppIcon;
				ASSETCATALOG_COMPILER_GLOBAL_ACCENT_COLOR_NAME = AccentColor;
				CODE_SIGN_STYLE = Automatic;
				CURRENT_PROJECT_VERSION = 1;
				GENERATE_INFOPLIST_FILE = YES;
				INFOPLIST_FILE = Pittu_WordGuess/Info.plist;
				INFOPLIST_KEY_CFBundleDisplayName = Pittu_WordGuess;
				INFOPLIST_KEY_UIApplicationSupportsIndirectInputEvents = YES;
				INFOPLIST_KEY_UILaunchStoryboardName = LaunchScreen;
				INFOPLIST_KEY_UIMainStoryboardFile = Main;
				INFOPLIST_KEY_UISupportedInterfaceOrientations_iPad = "UIInterfaceOrientationPortrait UIInterfaceOrientationPortraitUpsideDown UIInterfaceOrientationLandscapeLeft UIInterfaceOrientationLandscapeRight";
				INFOPLIST_KEY_UISupportedInterfaceOrientations_iPhone = "UIInterfaceOrientationPortrait UIInterfaceOrientationLandscapeLeft UIInterfaceOrientationLandscapeRight";
				LD_RUNPATH_SEARCH_PATHS = (
					"$(inherited)",
					"@executable_path/Frameworks",
				);
				MARKETING_VERSION = 1.0;
				PRODUCT_BUNDLE_IDENTIFIER = "nwmsu.Pittu-WordGuess";
				PRODUCT_NAME = "$(TARGET_NAME)";
				SWIFT_EMIT_LOC_STRINGS = YES;
				SWIFT_VERSION = 5.0;
				TARGETED_DEVICE_FAMILY = "1,2";
			};
			name = Release;
		};
		3761D89B29D347CA008A17E2 /* Debug */ = {
			isa = XCBuildConfiguration;
			buildSettings = {
				ALWAYS_EMBED_SWIFT_STANDARD_LIBRARIES = YES;
				BUNDLE_LOADER = "$(TEST_HOST)";
				CODE_SIGN_STYLE = Automatic;
				CURRENT_PROJECT_VERSION = 1;
				GENERATE_INFOPLIST_FILE = YES;
				IPHONEOS_DEPLOYMENT_TARGET = 15.5;
				MARKETING_VERSION = 1.0;
				PRODUCT_BUNDLE_IDENTIFIER = "nwmsu.Pittu-WordGuessTests";
				PRODUCT_NAME = "$(TARGET_NAME)";
				SWIFT_EMIT_LOC_STRINGS = NO;
				SWIFT_VERSION = 5.0;
				TARGETED_DEVICE_FAMILY = "1,2";
				TEST_HOST = "$(BUILT_PRODUCTS_DIR)/Pittu_WordGuess.app/Pittu_WordGuess";
			};
			name = Debug;
		};
		3761D89C29D347CA008A17E2 /* Release */ = {
			isa = XCBuildConfiguration;
			buildSettings = {
				ALWAYS_EMBED_SWIFT_STANDARD_LIBRARIES = YES;
				BUNDLE_LOADER = "$(TEST_HOST)";
				CODE_SIGN_STYLE = Automatic;
				CURRENT_PROJECT_VERSION = 1;
				GENERATE_INFOPLIST_FILE = YES;
				IPHONEOS_DEPLOYMENT_TARGET = 15.5;
				MARKETING_VERSION = 1.0;
				PRODUCT_BUNDLE_IDENTIFIER = "nwmsu.Pittu-WordGuessTests";
				PRODUCT_NAME = "$(TARGET_NAME)";
				SWIFT_EMIT_LOC_STRINGS = NO;
				SWIFT_VERSION = 5.0;
				TARGETED_DEVICE_FAMILY = "1,2";
				TEST_HOST = "$(BUILT_PRODUCTS_DIR)/Pittu_WordGuess.app/Pittu_WordGuess";
			};
			name = Release;
		};
		3761D89E29D347CA008A17E2 /* Debug */ = {
			isa = XCBuildConfiguration;
			buildSettings = {
				ALWAYS_EMBED_SWIFT_STANDARD_LIBRARIES = YES;
				CODE_SIGN_STYLE = Automatic;
				CURRENT_PROJECT_VERSION = 1;
				GENERATE_INFOPLIST_FILE = YES;
				MARKETING_VERSION = 1.0;
				PRODUCT_BUNDLE_IDENTIFIER = "nwmsu.Pittu-WordGuessUITests";
				PRODUCT_NAME = "$(TARGET_NAME)";
				SWIFT_EMIT_LOC_STRINGS = NO;
				SWIFT_VERSION = 5.0;
				TARGETED_DEVICE_FAMILY = "1,2";
				TEST_TARGET_NAME = Pittu_WordGuess;
			};
			name = Debug;
		};
		3761D89F29D347CA008A17E2 /* Release */ = {
			isa = XCBuildConfiguration;
			buildSettings = {
				ALWAYS_EMBED_SWIFT_STANDARD_LIBRARIES = YES;
				CODE_SIGN_STYLE = Automatic;
				CURRENT_PROJECT_VERSION = 1;
				GENERATE_INFOPLIST_FILE = YES;
				MARKETING_VERSION = 1.0;
				PRODUCT_BUNDLE_IDENTIFIER = "nwmsu.Pittu-WordGuessUITests";
				PRODUCT_NAME = "$(TARGET_NAME)";
				SWIFT_EMIT_LOC_STRINGS = NO;
				SWIFT_VERSION = 5.0;
				TARGETED_DEVICE_FAMILY = "1,2";
				TEST_TARGET_NAME = Pittu_WordGuess;
			};
			name = Release;
		};
/* End XCBuildConfiguration section */

/* Begin XCConfigurationList section */
		3761D86829D347C6008A17E2 /* Build configuration list for PBXProject "Pittu_WordGuess" */ = {
			isa = XCConfigurationList;
			buildConfigurations = (
				3761D89529D347CA008A17E2 /* Debug */,
				3761D89629D347CA008A17E2 /* Release */,
			);
			defaultConfigurationIsVisible = 0;
			defaultConfigurationName = Release;
		};
		3761D89729D347CA008A17E2 /* Build configuration list for PBXNativeTarget "Pittu_WordGuess" */ = {
			isa = XCConfigurationList;
			buildConfigurations = (
				3761D89829D347CA008A17E2 /* Debug */,
				3761D89929D347CA008A17E2 /* Release */,
			);
			defaultConfigurationIsVisible = 0;
			defaultConfigurationName = Release;
		};
		3761D89A29D347CA008A17E2 /* Build configuration list for PBXNativeTarget "Pittu_WordGuessTests" */ = {
			isa = XCConfigurationList;
			buildConfigurations = (
				3761D89B29D347CA008A17E2 /* Debug */,
				3761D89C29D347CA008A17E2 /* Release */,
			);
			defaultConfigurationIsVisible = 0;
			defaultConfigurationName = Release;
		};
		3761D89D29D347CA008A17E2 /* Build configuration list for PBXNativeTarget "Pittu_WordGuessUITests" */ = {
			isa = XCConfigurationList;
			buildConfigurations = (
				3761D89E29D347CA008A17E2 /* Debug */,
				3761D89F29D347CA008A17E2 /* Release */,
			);
			defaultConfigurationIsVisible = 0;
			defaultConfigurationName = Release;
		};
/* End XCConfigurationList section */
	};
	rootObject = 3761D86529D347C6008A17E2 /* Project object */;
}
