// !$*UTF8*$!
{
	archiveVersion = 1;
	classes = {
	};
	objectVersion = 55;
	objects = {

/* Begin PBXBuildFile section */
		3777960029C9FCAA00708128 /* AppDelegate.swift in Sources */ = {isa = PBXBuildFile; fileRef = 377795FF29C9FCAA00708128 /* AppDelegate.swift */; };
		3777960229C9FCAA00708128 /* SceneDelegate.swift in Sources */ = {isa = PBXBuildFile; fileRef = 3777960129C9FCAA00708128 /* SceneDelegate.swift */; };
		3777960429C9FCAA00708128 /* ViewController.swift in Sources */ = {isa = PBXBuildFile; fileRef = 3777960329C9FCAA00708128 /* ViewController.swift */; };
		3777960729C9FCAA00708128 /* Main.storyboard in Resources */ = {isa = PBXBuildFile; fileRef = 3777960529C9FCAA00708128 /* Main.storyboard */; };
		3777960929C9FCAE00708128 /* Assets.xcassets in Resources */ = {isa = PBXBuildFile; fileRef = 3777960829C9FCAE00708128 /* Assets.xcassets */; };
		3777960C29C9FCAE00708128 /* LaunchScreen.storyboard in Resources */ = {isa = PBXBuildFile; fileRef = 3777960A29C9FCAE00708128 /* LaunchScreen.storyboard */; };
		3777961729C9FCAE00708128 /* WordGuessTests.swift in Sources */ = {isa = PBXBuildFile; fileRef = 3777961629C9FCAE00708128 /* WordGuessTests.swift */; };
		3777962129C9FCAE00708128 /* WordGuessUITests.swift in Sources */ = {isa = PBXBuildFile; fileRef = 3777962029C9FCAE00708128 /* WordGuessUITests.swift */; };
		3777962329C9FCAE00708128 /* WordGuessUITestsLaunchTests.swift in Sources */ = {isa = PBXBuildFile; fileRef = 3777962229C9FCAE00708128 /* WordGuessUITestsLaunchTests.swift */; };
/* End PBXBuildFile section */

/* Begin PBXContainerItemProxy section */
		3777961329C9FCAE00708128 /* PBXContainerItemProxy */ = {
			isa = PBXContainerItemProxy;
			containerPortal = 377795F429C9FCAA00708128 /* Project object */;
			proxyType = 1;
			remoteGlobalIDString = 377795FB29C9FCAA00708128;
			remoteInfo = WordGuess;
		};
		3777961D29C9FCAE00708128 /* PBXContainerItemProxy */ = {
			isa = PBXContainerItemProxy;
			containerPortal = 377795F429C9FCAA00708128 /* Project object */;
			proxyType = 1;
			remoteGlobalIDString = 377795FB29C9FCAA00708128;
			remoteInfo = WordGuess;
		};
/* End PBXContainerItemProxy section */

/* Begin PBXFileReference section */
		377795FC29C9FCAA00708128 /* WordGuess.app */ = {isa = PBXFileReference; explicitFileType = wrapper.application; includeInIndex = 0; path = WordGuess.app; sourceTree = BUILT_PRODUCTS_DIR; };
		377795FF29C9FCAA00708128 /* AppDelegate.swift */ = {isa = PBXFileReference; lastKnownFileType = sourcecode.swift; path = AppDelegate.swift; sourceTree = "<group>"; };
		3777960129C9FCAA00708128 /* SceneDelegate.swift */ = {isa = PBXFileReference; lastKnownFileType = sourcecode.swift; path = SceneDelegate.swift; sourceTree = "<group>"; };
		3777960329C9FCAA00708128 /* ViewController.swift */ = {isa = PBXFileReference; lastKnownFileType = sourcecode.swift; path = ViewController.swift; sourceTree = "<group>"; };
		3777960629C9FCAA00708128 /* Base */ = {isa = PBXFileReference; lastKnownFileType = file.storyboard; name = Base; path = Base.lproj/Main.storyboard; sourceTree = "<group>"; };
		3777960829C9FCAE00708128 /* Assets.xcassets */ = {isa = PBXFileReference; lastKnownFileType = folder.assetcatalog; path = Assets.xcassets; sourceTree = "<group>"; };
		3777960B29C9FCAE00708128 /* Base */ = {isa = PBXFileReference; lastKnownFileType = file.storyboard; name = Base; path = Base.lproj/LaunchScreen.storyboard; sourceTree = "<group>"; };
		3777960D29C9FCAE00708128 /* Info.plist */ = {isa = PBXFileReference; lastKnownFileType = text.plist.xml; path = Info.plist; sourceTree = "<group>"; };
		3777961229C9FCAE00708128 /* WordGuessTests.xctest */ = {isa = PBXFileReference; explicitFileType = wrapper.cfbundle; includeInIndex = 0; path = WordGuessTests.xctest; sourceTree = BUILT_PRODUCTS_DIR; };
		3777961629C9FCAE00708128 /* WordGuessTests.swift */ = {isa = PBXFileReference; lastKnownFileType = sourcecode.swift; path = WordGuessTests.swift; sourceTree = "<group>"; };
		3777961C29C9FCAE00708128 /* WordGuessUITests.xctest */ = {isa = PBXFileReference; explicitFileType = wrapper.cfbundle; includeInIndex = 0; path = WordGuessUITests.xctest; sourceTree = BUILT_PRODUCTS_DIR; };
		3777962029C9FCAE00708128 /* WordGuessUITests.swift */ = {isa = PBXFileReference; lastKnownFileType = sourcecode.swift; path = WordGuessUITests.swift; sourceTree = "<group>"; };
		3777962229C9FCAE00708128 /* WordGuessUITestsLaunchTests.swift */ = {isa = PBXFileReference; lastKnownFileType = sourcecode.swift; path = WordGuessUITestsLaunchTests.swift; sourceTree = "<group>"; };
/* End PBXFileReference section */

/* Begin PBXFrameworksBuildPhase section */
		377795F929C9FCAA00708128 /* Frameworks */ = {
			isa = PBXFrameworksBuildPhase;
			buildActionMask = 2147483647;
			files = (
			);
			runOnlyForDeploymentPostprocessing = 0;
		};
		3777960F29C9FCAE00708128 /* Frameworks */ = {
			isa = PBXFrameworksBuildPhase;
			buildActionMask = 2147483647;
			files = (
			);
			runOnlyForDeploymentPostprocessing = 0;
		};
		3777961929C9FCAE00708128 /* Frameworks */ = {
			isa = PBXFrameworksBuildPhase;
			buildActionMask = 2147483647;
			files = (
			);
			runOnlyForDeploymentPostprocessing = 0;
		};
/* End PBXFrameworksBuildPhase section */

/* Begin PBXGroup section */
		377795F329C9FCAA00708128 = {
			isa = PBXGroup;
			children = (
				377795FE29C9FCAA00708128 /* WordGuess */,
				3777961529C9FCAE00708128 /* WordGuessTests */,
				3777961F29C9FCAE00708128 /* WordGuessUITests */,
				377795FD29C9FCAA00708128 /* Products */,
			);
			sourceTree = "<group>";
		};
		377795FD29C9FCAA00708128 /* Products */ = {
			isa = PBXGroup;
			children = (
				377795FC29C9FCAA00708128 /* WordGuess.app */,
				3777961229C9FCAE00708128 /* WordGuessTests.xctest */,
				3777961C29C9FCAE00708128 /* WordGuessUITests.xctest */,
			);
			name = Products;
			sourceTree = "<group>";
		};
		377795FE29C9FCAA00708128 /* WordGuess */ = {
			isa = PBXGroup;
			children = (
				377795FF29C9FCAA00708128 /* AppDelegate.swift */,
				3777960129C9FCAA00708128 /* SceneDelegate.swift */,
				3777960329C9FCAA00708128 /* ViewController.swift */,
				3777960529C9FCAA00708128 /* Main.storyboard */,
				3777960829C9FCAE00708128 /* Assets.xcassets */,
				3777960A29C9FCAE00708128 /* LaunchScreen.storyboard */,
				3777960D29C9FCAE00708128 /* Info.plist */,
			);
			path = WordGuess;
			sourceTree = "<group>";
		};
		3777961529C9FCAE00708128 /* WordGuessTests */ = {
			isa = PBXGroup;
			children = (
				3777961629C9FCAE00708128 /* WordGuessTests.swift */,
			);
			path = WordGuessTests;
			sourceTree = "<group>";
		};
		3777961F29C9FCAE00708128 /* WordGuessUITests */ = {
			isa = PBXGroup;
			children = (
				3777962029C9FCAE00708128 /* WordGuessUITests.swift */,
				3777962229C9FCAE00708128 /* WordGuessUITestsLaunchTests.swift */,
			);
			path = WordGuessUITests;
			sourceTree = "<group>";
		};
/* End PBXGroup section */

/* Begin PBXNativeTarget section */
		377795FB29C9FCAA00708128 /* WordGuess */ = {
			isa = PBXNativeTarget;
			buildConfigurationList = 3777962629C9FCAE00708128 /* Build configuration list for PBXNativeTarget "WordGuess" */;
			buildPhases = (
				377795F829C9FCAA00708128 /* Sources */,
				377795F929C9FCAA00708128 /* Frameworks */,
				377795FA29C9FCAA00708128 /* Resources */,
			);
			buildRules = (
			);
			dependencies = (
			);
			name = WordGuess;
			productName = WordGuess;
			productReference = 377795FC29C9FCAA00708128 /* WordGuess.app */;
			productType = "com.apple.product-type.application";
		};
		3777961129C9FCAE00708128 /* WordGuessTests */ = {
			isa = PBXNativeTarget;
			buildConfigurationList = 3777962929C9FCAE00708128 /* Build configuration list for PBXNativeTarget "WordGuessTests" */;
			buildPhases = (
				3777960E29C9FCAE00708128 /* Sources */,
				3777960F29C9FCAE00708128 /* Frameworks */,
				3777961029C9FCAE00708128 /* Resources */,
			);
			buildRules = (
			);
			dependencies = (
				3777961429C9FCAE00708128 /* PBXTargetDependency */,
			);
			name = WordGuessTests;
			productName = WordGuessTests;
			productReference = 3777961229C9FCAE00708128 /* WordGuessTests.xctest */;
			productType = "com.apple.product-type.bundle.unit-test";
		};
		3777961B29C9FCAE00708128 /* WordGuessUITests */ = {
			isa = PBXNativeTarget;
			buildConfigurationList = 3777962C29C9FCAE00708128 /* Build configuration list for PBXNativeTarget "WordGuessUITests" */;
			buildPhases = (
				3777961829C9FCAE00708128 /* Sources */,
				3777961929C9FCAE00708128 /* Frameworks */,
				3777961A29C9FCAE00708128 /* Resources */,
			);
			buildRules = (
			);
			dependencies = (
				3777961E29C9FCAE00708128 /* PBXTargetDependency */,
			);
			name = WordGuessUITests;
			productName = WordGuessUITests;
			productReference = 3777961C29C9FCAE00708128 /* WordGuessUITests.xctest */;
			productType = "com.apple.product-type.bundle.ui-testing";
		};
/* End PBXNativeTarget section */

/* Begin PBXProject section */
		377795F429C9FCAA00708128 /* Project object */ = {
			isa = PBXProject;
			attributes = {
				BuildIndependentTargetsInParallel = 1;
				LastSwiftUpdateCheck = 1340;
				LastUpgradeCheck = 1340;
				TargetAttributes = {
					377795FB29C9FCAA00708128 = {
						CreatedOnToolsVersion = 13.4.1;
					};
					3777961129C9FCAE00708128 = {
						CreatedOnToolsVersion = 13.4.1;
						TestTargetID = 377795FB29C9FCAA00708128;
					};
					3777961B29C9FCAE00708128 = {
						CreatedOnToolsVersion = 13.4.1;
						TestTargetID = 377795FB29C9FCAA00708128;
					};
				};
			};
			buildConfigurationList = 377795F729C9FCAA00708128 /* Build configuration list for PBXProject "WordGuess" */;
			compatibilityVersion = "Xcode 13.0";
			developmentRegion = en;
			hasScannedForEncodings = 0;
			knownRegions = (
				en,
				Base,
			);
			mainGroup = 377795F329C9FCAA00708128;
			productRefGroup = 377795FD29C9FCAA00708128 /* Products */;
			projectDirPath = "";
			projectRoot = "";
			targets = (
				377795FB29C9FCAA00708128 /* WordGuess */,
				3777961129C9FCAE00708128 /* WordGuessTests */,
				3777961B29C9FCAE00708128 /* WordGuessUITests */,
			);
		};
/* End PBXProject section */

/* Begin PBXResourcesBuildPhase section */
		377795FA29C9FCAA00708128 /* Resources */ = {
			isa = PBXResourcesBuildPhase;
			buildActionMask = 2147483647;
			files = (
				3777960C29C9FCAE00708128 /* LaunchScreen.storyboard in Resources */,
				3777960929C9FCAE00708128 /* Assets.xcassets in Resources */,
				3777960729C9FCAA00708128 /* Main.storyboard in Resources */,
			);
			runOnlyForDeploymentPostprocessing = 0;
		};
		3777961029C9FCAE00708128 /* Resources */ = {
			isa = PBXResourcesBuildPhase;
			buildActionMask = 2147483647;
			files = (
			);
			runOnlyForDeploymentPostprocessing = 0;
		};
		3777961A29C9FCAE00708128 /* Resources */ = {
			isa = PBXResourcesBuildPhase;
			buildActionMask = 2147483647;
			files = (
			);
			runOnlyForDeploymentPostprocessing = 0;
		};
/* End PBXResourcesBuildPhase section */

/* Begin PBXSourcesBuildPhase section */
		377795F829C9FCAA00708128 /* Sources */ = {
			isa = PBXSourcesBuildPhase;
			buildActionMask = 2147483647;
			files = (
				3777960429C9FCAA00708128 /* ViewController.swift in Sources */,
				3777960029C9FCAA00708128 /* AppDelegate.swift in Sources */,
				3777960229C9FCAA00708128 /* SceneDelegate.swift in Sources */,
			);
			runOnlyForDeploymentPostprocessing = 0;
		};
		3777960E29C9FCAE00708128 /* Sources */ = {
			isa = PBXSourcesBuildPhase;
			buildActionMask = 2147483647;
			files = (
				3777961729C9FCAE00708128 /* WordGuessTests.swift in Sources */,
			);
			runOnlyForDeploymentPostprocessing = 0;
		};
		3777961829C9FCAE00708128 /* Sources */ = {
			isa = PBXSourcesBuildPhase;
			buildActionMask = 2147483647;
			files = (
				3777962329C9FCAE00708128 /* WordGuessUITestsLaunchTests.swift in Sources */,
				3777962129C9FCAE00708128 /* WordGuessUITests.swift in Sources */,
			);
			runOnlyForDeploymentPostprocessing = 0;
		};
/* End PBXSourcesBuildPhase section */

/* Begin PBXTargetDependency section */
		3777961429C9FCAE00708128 /* PBXTargetDependency */ = {
			isa = PBXTargetDependency;
			target = 377795FB29C9FCAA00708128 /* WordGuess */;
			targetProxy = 3777961329C9FCAE00708128 /* PBXContainerItemProxy */;
		};
		3777961E29C9FCAE00708128 /* PBXTargetDependency */ = {
			isa = PBXTargetDependency;
			target = 377795FB29C9FCAA00708128 /* WordGuess */;
			targetProxy = 3777961D29C9FCAE00708128 /* PBXContainerItemProxy */;
		};
/* End PBXTargetDependency section */

/* Begin PBXVariantGroup section */
		3777960529C9FCAA00708128 /* Main.storyboard */ = {
			isa = PBXVariantGroup;
			children = (
				3777960629C9FCAA00708128 /* Base */,
			);
			name = Main.storyboard;
			sourceTree = "<group>";
		};
		3777960A29C9FCAE00708128 /* LaunchScreen.storyboard */ = {
			isa = PBXVariantGroup;
			children = (
				3777960B29C9FCAE00708128 /* Base */,
			);
			name = LaunchScreen.storyboard;
			sourceTree = "<group>";
		};
/* End PBXVariantGroup section */

/* Begin XCBuildConfiguration section */
		3777962429C9FCAE00708128 /* Debug */ = {
			isa = XCBuildConfiguration;
			buildSettings = {
				ALWAYS_SEARCH_USER_PATHS = NO;
				CLANG_ANALYZER_NONNULL = YES;
				CLANG_ANALYZER_NUMBER_OBJECT_CONVERSION = YES_AGGRESSIVE;
				CLANG_CXX_LANGUAGE_STANDARD = "gnu++17";
				CLANG_ENABLE_MODULES = YES;
				CLANG_ENABLE_OBJC_ARC = YES;
				CLANG_ENABLE_OBJC_WEAK = YES;
				CLANG_WARN_BLOCK_CAPTURE_AUTORELEASING = YES;
				CLANG_WARN_BOOL_CONVERSION = YES;
				CLANG_WARN_COMMA = YES;
				CLANG_WARN_CONSTANT_CONVERSION = YES;
				CLANG_WARN_DEPRECATED_OBJC_IMPLEMENTATIONS = YES;
				CLANG_WARN_DIRECT_OBJC_ISA_USAGE = YES_ERROR;
				CLANG_WARN_DOCUMENTATION_COMMENTS = YES;
				CLANG_WARN_EMPTY_BODY = YES;
				CLANG_WARN_ENUM_CONVERSION = YES;
				CLANG_WARN_INFINITE_RECURSION = YES;
				CLANG_WARN_INT_CONVERSION = YES;
				CLANG_WARN_NON_LITERAL_NULL_CONVERSION = YES;
				CLANG_WARN_OBJC_IMPLICIT_RETAIN_SELF = YES;
				CLANG_WARN_OBJC_LITERAL_CONVERSION = YES;
				CLANG_WARN_OBJC_ROOT_CLASS = YES_ERROR;
				CLANG_WARN_QUOTED_INCLUDE_IN_FRAMEWORK_HEADER = YES;
				CLANG_WARN_RANGE_LOOP_ANALYSIS = YES;
				CLANG_WARN_STRICT_PROTOTYPES = YES;
				CLANG_WARN_SUSPICIOUS_MOVE = YES;
				CLANG_WARN_UNGUARDED_AVAILABILITY = YES_AGGRESSIVE;
				CLANG_WARN_UNREACHABLE_CODE = YES;
				CLANG_WARN__DUPLICATE_METHOD_MATCH = YES;
				COPY_PHASE_STRIP = NO;
				DEBUG_INFORMATION_FORMAT = dwarf;
				ENABLE_STRICT_OBJC_MSGSEND = YES;
				ENABLE_TESTABILITY = YES;
				GCC_C_LANGUAGE_STANDARD = gnu11;
				GCC_DYNAMIC_NO_PIC = NO;
				GCC_NO_COMMON_BLOCKS = YES;
				GCC_OPTIMIZATION_LEVEL = 0;
				GCC_PREPROCESSOR_DEFINITIONS = (
					"DEBUG=1",
					"$(inherited)",
				);
				GCC_WARN_64_TO_32_BIT_CONVERSION = YES;
				GCC_WARN_ABOUT_RETURN_TYPE = YES_ERROR;
				GCC_WARN_UNDECLARED_SELECTOR = YES;
				GCC_WARN_UNINITIALIZED_AUTOS = YES_AGGRESSIVE;
				GCC_WARN_UNUSED_FUNCTION = YES;
				GCC_WARN_UNUSED_VARIABLE = YES;
				IPHONEOS_DEPLOYMENT_TARGET = 15.5;
				MTL_ENABLE_DEBUG_INFO = INCLUDE_SOURCE;
				MTL_FAST_MATH = YES;
				ONLY_ACTIVE_ARCH = YES;
				SDKROOT = iphoneos;
				SWIFT_ACTIVE_COMPILATION_CONDITIONS = DEBUG;
				SWIFT_OPTIMIZATION_LEVEL = "-Onone";
			};
			name = Debug;
		};
		3777962529C9FCAE00708128 /* Release */ = {
			isa = XCBuildConfiguration;
			buildSettings = {
				ALWAYS_SEARCH_USER_PATHS = NO;
				CLANG_ANALYZER_NONNULL = YES;
				CLANG_ANALYZER_NUMBER_OBJECT_CONVERSION = YES_AGGRESSIVE;
				CLANG_CXX_LANGUAGE_STANDARD = "gnu++17";
				CLANG_ENABLE_MODULES = YES;
				CLANG_ENABLE_OBJC_ARC = YES;
				CLANG_ENABLE_OBJC_WEAK = YES;
				CLANG_WARN_BLOCK_CAPTURE_AUTORELEASING = YES;
				CLANG_WARN_BOOL_CONVERSION = YES;
				CLANG_WARN_COMMA = YES;
				CLANG_WARN_CONSTANT_CONVERSION = YES;
				CLANG_WARN_DEPRECATED_OBJC_IMPLEMENTATIONS = YES;
				CLANG_WARN_DIRECT_OBJC_ISA_USAGE = YES_ERROR;
				CLANG_WARN_DOCUMENTATION_COMMENTS = YES;
				CLANG_WARN_EMPTY_BODY = YES;
				CLANG_WARN_ENUM_CONVERSION = YES;
				CLANG_WARN_INFINITE_RECURSION = YES;
				CLANG_WARN_INT_CONVERSION = YES;
				CLANG_WARN_NON_LITERAL_NULL_CONVERSION = YES;
				CLANG_WARN_OBJC_IMPLICIT_RETAIN_SELF = YES;
				CLANG_WARN_OBJC_LITERAL_CONVERSION = YES;
				CLANG_WARN_OBJC_ROOT_CLASS = YES_ERROR;
				CLANG_WARN_QUOTED_INCLUDE_IN_FRAMEWORK_HEADER = YES;
				CLANG_WARN_RANGE_LOOP_ANALYSIS = YES;
				CLANG_WARN_STRICT_PROTOTYPES = YES;
				CLANG_WARN_SUSPICIOUS_MOVE = YES;
				CLANG_WARN_UNGUARDED_AVAILABILITY = YES_AGGRESSIVE;
				CLANG_WARN_UNREACHABLE_CODE = YES;
				CLANG_WARN__DUPLICATE_METHOD_MATCH = YES;
				COPY_PHASE_STRIP = NO;
				DEBUG_INFORMATION_FORMAT = "dwarf-with-dsym";
				ENABLE_NS_ASSERTIONS = NO;
				ENABLE_STRICT_OBJC_MSGSEND = YES;
				GCC_C_LANGUAGE_STANDARD = gnu11;
				GCC_NO_COMMON_BLOCKS = YES;
				GCC_WARN_64_TO_32_BIT_CONVERSION = YES;
				GCC_WARN_ABOUT_RETURN_TYPE = YES_ERROR;
				GCC_WARN_UNDECLARED_SELECTOR = YES;
				GCC_WARN_UNINITIALIZED_AUTOS = YES_AGGRESSIVE;
				GCC_WARN_UNUSED_FUNCTION = YES;
				GCC_WARN_UNUSED_VARIABLE = YES;
				IPHONEOS_DEPLOYMENT_TARGET = 15.5;
				MTL_ENABLE_DEBUG_INFO = NO;
				MTL_FAST_MATH = YES;
				SDKROOT = iphoneos;
				SWIFT_COMPILATION_MODE = wholemodule;
				SWIFT_OPTIMIZATION_LEVEL = "-O";
				VALIDATE_PRODUCT = YES;
			};
			name = Release;
		};
		3777962729C9FCAE00708128 /* Debug */ = {
			isa = XCBuildConfiguration;
			buildSettings = {
				ASSETCATALOG_COMPILER_APPICON_NAME = AppIcon;
				ASSETCATALOG_COMPILER_GLOBAL_ACCENT_COLOR_NAME = AccentColor;
				CODE_SIGN_STYLE = Automatic;
				CURRENT_PROJECT_VERSION = 1;
				GENERATE_INFOPLIST_FILE = YES;
				INFOPLIST_FILE = WordGuess/Info.plist;
				INFOPLIST_KEY_CFBundleDisplayName = WordGuess;
				INFOPLIST_KEY_UIApplicationSupportsIndirectInputEvents = YES;
				INFOPLIST_KEY_UILaunchStoryboardName = LaunchScreen;
				INFOPLIST_KEY_UIMainStoryboardFile = Main;
				INFOPLIST_KEY_UISupportedInterfaceOrientations = "UIInterfaceOrientationPortrait UIInterfaceOrientationPortraitUpsideDown UIInterfaceOrientationLandscapeLeft UIInterfaceOrientationLandscapeRight";
				INFOPLIST_KEY_UISupportedInterfaceOrientations_iPad = "UIInterfaceOrientationPortrait UIInterfaceOrientationPortraitUpsideDown UIInterfaceOrientationLandscapeLeft UIInterfaceOrientationLandscapeRight";
				INFOPLIST_KEY_UISupportedInterfaceOrientations_iPhone = "UIInterfaceOrientationPortrait UIInterfaceOrientationLandscapeLeft UIInterfaceOrientationLandscapeRight";
				LD_RUNPATH_SEARCH_PATHS = (
					"$(inherited)",
					"@executable_path/Frameworks",
				);
				MARKETING_VERSION = 1.0;
				PRODUCT_BUNDLE_IDENTIFIER = nwmsu.WordGuess;
				PRODUCT_NAME = "$(TARGET_NAME)";
				SWIFT_EMIT_LOC_STRINGS = YES;
				SWIFT_VERSION = 5.0;
				TARGETED_DEVICE_FAMILY = "1,2";
			};
			name = Debug;
		};
		3777962829C9FCAE00708128 /* Release */ = {
			isa = XCBuildConfiguration;
			buildSettings = {
				ASSETCATALOG_COMPILER_APPICON_NAME = AppIcon;
				ASSETCATALOG_COMPILER_GLOBAL_ACCENT_COLOR_NAME = AccentColor;
				CODE_SIGN_STYLE = Automatic;
				CURRENT_PROJECT_VERSION = 1;
				GENERATE_INFOPLIST_FILE = YES;
				INFOPLIST_FILE = WordGuess/Info.plist;
				INFOPLIST_KEY_CFBundleDisplayName = WordGuess;
				INFOPLIST_KEY_UIApplicationSupportsIndirectInputEvents = YES;
				INFOPLIST_KEY_UILaunchStoryboardName = LaunchScreen;
				INFOPLIST_KEY_UIMainStoryboardFile = Main;
				INFOPLIST_KEY_UISupportedInterfaceOrientations = "UIInterfaceOrientationPortrait UIInterfaceOrientationPortraitUpsideDown UIInterfaceOrientationLandscapeLeft UIInterfaceOrientationLandscapeRight";
				INFOPLIST_KEY_UISupportedInterfaceOrientations_iPad = "UIInterfaceOrientationPortrait UIInterfaceOrientationPortraitUpsideDown UIInterfaceOrientationLandscapeLeft UIInterfaceOrientationLandscapeRight";
				INFOPLIST_KEY_UISupportedInterfaceOrientations_iPhone = "UIInterfaceOrientationPortrait UIInterfaceOrientationLandscapeLeft UIInterfaceOrientationLandscapeRight";
				LD_RUNPATH_SEARCH_PATHS = (
					"$(inherited)",
					"@executable_path/Frameworks",
				);
				MARKETING_VERSION = 1.0;
				PRODUCT_BUNDLE_IDENTIFIER = nwmsu.WordGuess;
				PRODUCT_NAME = "$(TARGET_NAME)";
				SWIFT_EMIT_LOC_STRINGS = YES;
				SWIFT_VERSION = 5.0;
				TARGETED_DEVICE_FAMILY = "1,2";
			};
			name = Release;
		};
		3777962A29C9FCAE00708128 /* Debug */ = {
			isa = XCBuildConfiguration;
			buildSettings = {
				ALWAYS_EMBED_SWIFT_STANDARD_LIBRARIES = YES;
				BUNDLE_LOADER = "$(TEST_HOST)";
				CODE_SIGN_STYLE = Automatic;
				CURRENT_PROJECT_VERSION = 1;
				GENERATE_INFOPLIST_FILE = YES;
				IPHONEOS_DEPLOYMENT_TARGET = 15.5;
				MARKETING_VERSION = 1.0;
				PRODUCT_BUNDLE_IDENTIFIER = nwmsu.WordGuessTests;
				PRODUCT_NAME = "$(TARGET_NAME)";
				SWIFT_EMIT_LOC_STRINGS = NO;
				SWIFT_VERSION = 5.0;
				TARGETED_DEVICE_FAMILY = "1,2";
				TEST_HOST = "$(BUILT_PRODUCTS_DIR)/WordGuess.app/WordGuess";
			};
			name = Debug;
		};
		3777962B29C9FCAE00708128 /* Release */ = {
			isa = XCBuildConfiguration;
			buildSettings = {
				ALWAYS_EMBED_SWIFT_STANDARD_LIBRARIES = YES;
				BUNDLE_LOADER = "$(TEST_HOST)";
				CODE_SIGN_STYLE = Automatic;
				CURRENT_PROJECT_VERSION = 1;
				GENERATE_INFOPLIST_FILE = YES;
				IPHONEOS_DEPLOYMENT_TARGET = 15.5;
				MARKETING_VERSION = 1.0;
				PRODUCT_BUNDLE_IDENTIFIER = nwmsu.WordGuessTests;
				PRODUCT_NAME = "$(TARGET_NAME)";
				SWIFT_EMIT_LOC_STRINGS = NO;
				SWIFT_VERSION = 5.0;
				TARGETED_DEVICE_FAMILY = "1,2";
				TEST_HOST = "$(BUILT_PRODUCTS_DIR)/WordGuess.app/WordGuess";
			};
			name = Release;
		};
		3777962D29C9FCAE00708128 /* Debug */ = {
			isa = XCBuildConfiguration;
			buildSettings = {
				ALWAYS_EMBED_SWIFT_STANDARD_LIBRARIES = YES;
				CODE_SIGN_STYLE = Automatic;
				CURRENT_PROJECT_VERSION = 1;
				GENERATE_INFOPLIST_FILE = YES;
				MARKETING_VERSION = 1.0;
				PRODUCT_BUNDLE_IDENTIFIER = nwmsu.WordGuessUITests;
				PRODUCT_NAME = "$(TARGET_NAME)";
				SWIFT_EMIT_LOC_STRINGS = NO;
				SWIFT_VERSION = 5.0;
				TARGETED_DEVICE_FAMILY = "1,2";
				TEST_TARGET_NAME = WordGuess;
			};
			name = Debug;
		};
		3777962E29C9FCAE00708128 /* Release */ = {
			isa = XCBuildConfiguration;
			buildSettings = {
				ALWAYS_EMBED_SWIFT_STANDARD_LIBRARIES = YES;
				CODE_SIGN_STYLE = Automatic;
				CURRENT_PROJECT_VERSION = 1;
				GENERATE_INFOPLIST_FILE = YES;
				MARKETING_VERSION = 1.0;
				PRODUCT_BUNDLE_IDENTIFIER = nwmsu.WordGuessUITests;
				PRODUCT_NAME = "$(TARGET_NAME)";
				SWIFT_EMIT_LOC_STRINGS = NO;
				SWIFT_VERSION = 5.0;
				TARGETED_DEVICE_FAMILY = "1,2";
				TEST_TARGET_NAME = WordGuess;
			};
			name = Release;
		};
/* End XCBuildConfiguration section */

/* Begin XCConfigurationList section */
		377795F729C9FCAA00708128 /* Build configuration list for PBXProject "WordGuess" */ = {
			isa = XCConfigurationList;
			buildConfigurations = (
				3777962429C9FCAE00708128 /* Debug */,
				3777962529C9FCAE00708128 /* Release */,
			);
			defaultConfigurationIsVisible = 0;
			defaultConfigurationName = Release;
		};
		3777962629C9FCAE00708128 /* Build configuration list for PBXNativeTarget "WordGuess" */ = {
			isa = XCConfigurationList;
			buildConfigurations = (
				3777962729C9FCAE00708128 /* Debug */,
				3777962829C9FCAE00708128 /* Release */,
			);
			defaultConfigurationIsVisible = 0;
			defaultConfigurationName = Release;
		};
		3777962929C9FCAE00708128 /* Build configuration list for PBXNativeTarget "WordGuessTests" */ = {
			isa = XCConfigurationList;
			buildConfigurations = (
				3777962A29C9FCAE00708128 /* Debug */,
				3777962B29C9FCAE00708128 /* Release */,
			);
			defaultConfigurationIsVisible = 0;
			defaultConfigurationName = Release;
		};
		3777962C29C9FCAE00708128 /* Build configuration list for PBXNativeTarget "WordGuessUITests" */ = {
			isa = XCConfigurationList;
			buildConfigurations = (
				3777962D29C9FCAE00708128 /* Debug */,
				3777962E29C9FCAE00708128 /* Release */,
			);
			defaultConfigurationIsVisible = 0;
			defaultConfigurationName = Release;
		};
/* End XCConfigurationList section */
	};
	rootObject = 377795F429C9FCAA00708128 /* Project object */;
}
